// !$*UTF8*$!
{
	archiveVersion = 1;
	classes = {
	};
	objectVersion = 51;
	objects = {

/* Begin PBXBuildFile section */
		00C84920369C7D7FD39D8A38 /* libPods-FitGoalTests.a in Frameworks */ = {isa = PBXBuildFile; fileRef = 008359F346419108DFD33C8E /* libPods-FitGoalTests.a */; };
		05012CA1240D21EC0065E560 /* Oswald-Medium.ttf in Resources */ = {isa = PBXBuildFile; fileRef = 05012C9D240D1FCE0065E560 /* Oswald-Medium.ttf */; };
		05012CA2240D21EE0065E560 /* Roboto-Bold.ttf in Resources */ = {isa = PBXBuildFile; fileRef = 05012C9F240D1FD70065E560 /* Roboto-Bold.ttf */; };
		05012CA3240D21F00065E560 /* Roboto-Light.ttf in Resources */ = {isa = PBXBuildFile; fileRef = 05012CA0240D1FD70065E560 /* Roboto-Light.ttf */; };
		05012CA4240D21F30065E560 /* Roboto-Regular.ttf in Resources */ = {isa = PBXBuildFile; fileRef = 05012C9E240D1FD70065E560 /* Roboto-Regular.ttf */; };
		050507ED24315B3800CE58BC /* GoogleService-Info.plist in Resources */ = {isa = PBXBuildFile; fileRef = 050507EC24315B3800CE58BC /* GoogleService-Info.plist */; };
		050507F52431C54400CE58BC /* UserIdentification.swift in Sources */ = {isa = PBXBuildFile; fileRef = 050507F42431C54400CE58BC /* UserIdentification.swift */; };
		050DC1272411FED9009BF1E5 /* RoutineSectionHeader.swift in Sources */ = {isa = PBXBuildFile; fileRef = 050DC1262411FED9009BF1E5 /* RoutineSectionHeader.swift */; };
		0515518524501266001A72AA /* WalkthroughIconView.swift in Sources */ = {isa = PBXBuildFile; fileRef = 0515518224501266001A72AA /* WalkthroughIconView.swift */; };
		0515518624501266001A72AA /* WalkthroughIcon.swift in Sources */ = {isa = PBXBuildFile; fileRef = 0515518324501266001A72AA /* WalkthroughIcon.swift */; };
		0516265A2478C7FA002A4329 /* IconListView.swift in Sources */ = {isa = PBXBuildFile; fileRef = 051626592478C7FA002A4329 /* IconListView.swift */; };
		0516265E247B7A1D002A4329 /* UserInfoEntryViewDelegate.swift in Sources */ = {isa = PBXBuildFile; fileRef = 0516265D247B7A1D002A4329 /* UserInfoEntryViewDelegate.swift */; };
		05162660247DDFF8002A4329 /* UserPlannerViewController.swift in Sources */ = {isa = PBXBuildFile; fileRef = 0516265F247DDFF8002A4329 /* UserPlannerViewController.swift */; };
		05162662247DE04A002A4329 /* UserPlannerTableViewCell.swift in Sources */ = {isa = PBXBuildFile; fileRef = 05162661247DE04A002A4329 /* UserPlannerTableViewCell.swift */; };
		05162664247DE317002A4329 /* UserPlannerTableViewDataSource.swift in Sources */ = {isa = PBXBuildFile; fileRef = 05162663247DE317002A4329 /* UserPlannerTableViewDataSource.swift */; };
		05162666247E3C83002A4329 /* UserPlannerTableViewDelegate.swift in Sources */ = {isa = PBXBuildFile; fileRef = 05162665247E3C83002A4329 /* UserPlannerTableViewDelegate.swift */; };
		0517AD4D242426FC0049E48B /* FitGoal.xcdatamodeld in Sources */ = {isa = PBXBuildFile; fileRef = 0517AD4B242426FC0049E48B /* FitGoal.xcdatamodeld */; };
		0517AD542424432E0049E48B /* BackgroundView.swift in Sources */ = {isa = PBXBuildFile; fileRef = 0517AD532424432E0049E48B /* BackgroundView.swift */; };
		0517AD5624244DD40049E48B /* GreetingViewController.swift in Sources */ = {isa = PBXBuildFile; fileRef = 0517AD5524244DD40049E48B /* GreetingViewController.swift */; };
		053E78A6245538B700A8CF37 /* WalkthroughPageViewController.swift in Sources */ = {isa = PBXBuildFile; fileRef = 053E78A5245538B700A8CF37 /* WalkthroughPageViewController.swift */; };
		053E78A82455472B00A8CF37 /* UserProfileConfiguratorViewController.swift in Sources */ = {isa = PBXBuildFile; fileRef = 053E78A72455472B00A8CF37 /* UserProfileConfiguratorViewController.swift */; };
		0546E2DC24151090004A0F65 /* RoutineInspectorCell.swift in Sources */ = {isa = PBXBuildFile; fileRef = 0546E2DB24151090004A0F65 /* RoutineInspectorCell.swift */; };
		0546E2DE241511CF004A0F65 /* ExerciseCell.swift in Sources */ = {isa = PBXBuildFile; fileRef = 0546E2DD241511CF004A0F65 /* ExerciseCell.swift */; };
		0546E2E02415134C004A0F65 /* Exersice.swift in Sources */ = {isa = PBXBuildFile; fileRef = 0546E2DF2415134C004A0F65 /* Exersice.swift */; };
		054B905F24627CF600E9BCD2 /* AccountInfoCell.swift in Sources */ = {isa = PBXBuildFile; fileRef = 054B905E24627CF600E9BCD2 /* AccountInfoCell.swift */; };
		054DC8A924344CDA008B2B4F /* Authenticator.swift in Sources */ = {isa = PBXBuildFile; fileRef = 054DC8A824344CDA008B2B4F /* Authenticator.swift */; };
		054DC8AB2434602C008B2B4F /* AppPreferences.swift in Sources */ = {isa = PBXBuildFile; fileRef = 054DC8AA2434602C008B2B4F /* AppPreferences.swift */; };
		055284CE244EC00700ACBF5F /* UITextField+.swift in Sources */ = {isa = PBXBuildFile; fileRef = 055284CD244EC00700ACBF5F /* UITextField+.swift */; };
		055284D0244FDEC300ACBF5F /* TextFieldType.swift in Sources */ = {isa = PBXBuildFile; fileRef = 055284CF244FDEC300ACBF5F /* TextFieldType.swift */; };
		0555BA9A245BA51100422BCD /* SettingsViewController.swift in Sources */ = {isa = PBXBuildFile; fileRef = 0555BA99245BA51100422BCD /* SettingsViewController.swift */; };
		0555BA9C245BA9BD00422BCD /* SettingHeaderView.swift in Sources */ = {isa = PBXBuildFile; fileRef = 0555BA9B245BA9BD00422BCD /* SettingHeaderView.swift */; };
		055F18262456AD14004A49C5 /* LoginValidator.swift in Sources */ = {isa = PBXBuildFile; fileRef = 055F18252456AD14004A49C5 /* LoginValidator.swift */; };
		055F62CD2429868B0054934F /* IconView.swift in Sources */ = {isa = PBXBuildFile; fileRef = 055F62CC2429868B0054934F /* IconView.swift */; };
		05644D4E2461381F00E32434 /* UserInfoCell.swift in Sources */ = {isa = PBXBuildFile; fileRef = 05644D4D2461381F00E32434 /* UserInfoCell.swift */; };
		057E23C9244009DC004CAD01 /* SignUpValidator.swift in Sources */ = {isa = PBXBuildFile; fileRef = 057E23C8244009DC004CAD01 /* SignUpValidator.swift */; };
		058312A9242C291900708195 /* AuthenticationType.swift in Sources */ = {isa = PBXBuildFile; fileRef = 058312A8242C291800708195 /* AuthenticationType.swift */; };
		058380B524370E5F0027E9E0 /* AuthenticationViewController.swift in Sources */ = {isa = PBXBuildFile; fileRef = 058380B424370E5F0027E9E0 /* AuthenticationViewController.swift */; };
		05A370C42415AA33009A654E /* URL+.swift in Sources */ = {isa = PBXBuildFile; fileRef = 05A370C32415AA33009A654E /* URL+.swift */; };
		05B2E1E2240F28EB009B0443 /* Routine.swift in Sources */ = {isa = PBXBuildFile; fileRef = 05B2E1E1240F28EB009B0443 /* Routine.swift */; };
		05B2E1E4240F2C5D009B0443 /* SuggestedRoutineCell.swift in Sources */ = {isa = PBXBuildFile; fileRef = 05B2E1E3240F2C5D009B0443 /* SuggestedRoutineCell.swift */; };
		05B2E209240F955C009B0443 /* HomeViewController + UICollectionViewDataSource.swift in Sources */ = {isa = PBXBuildFile; fileRef = 05B2E208240F955C009B0443 /* HomeViewController + UICollectionViewDataSource.swift */; };
		05B2E20B240F95AF009B0443 /* HomeViewController + UICollectionViewDelegateFlowLayout.swift in Sources */ = {isa = PBXBuildFile; fileRef = 05B2E20A240F95AF009B0443 /* HomeViewController + UICollectionViewDelegateFlowLayout.swift */; };
		05BBF74F2414B5B700EF42E9 /* GoalTrakerCell.swift in Sources */ = {isa = PBXBuildFile; fileRef = 05BBF74E2414B5B700EF42E9 /* GoalTrakerCell.swift */; };
		05BBF751241503F200EF42E9 /* String+.swift in Sources */ = {isa = PBXBuildFile; fileRef = 05BBF750241503F100EF42E9 /* String+.swift */; };
		05CDE5082421FCE9000AF5EE /* DetailViewController.swift in Sources */ = {isa = PBXBuildFile; fileRef = 05CDE5072421FCE9000AF5EE /* DetailViewController.swift */; };
		05CDE50A24235DC2000AF5EE /* UIView+.swift in Sources */ = {isa = PBXBuildFile; fileRef = 05CDE50924235DC2000AF5EE /* UIView+.swift */; };
		05CDEFAC2418D28100C1822D /* ExerciseMO+CoreDataClass.swift in Sources */ = {isa = PBXBuildFile; fileRef = 05CDEFAA2418D28100C1822D /* ExerciseMO+CoreDataClass.swift */; };
		05CDEFD2241A294500C1822D /* CoreDataPersistance.swift in Sources */ = {isa = PBXBuildFile; fileRef = 05CDEFD1241A294500C1822D /* CoreDataPersistance.swift */; };
		05CDEFD4241A319D00C1822D /* RoutineStateInspector.swift in Sources */ = {isa = PBXBuildFile; fileRef = 05CDEFD3241A319D00C1822D /* RoutineStateInspector.swift */; };
		05CDEFD6241B3DFF00C1822D /* GradientView.swift in Sources */ = {isa = PBXBuildFile; fileRef = 05CDEFD5241B3DFF00C1822D /* GradientView.swift */; };
		05EB1B3E242473D400E7984B /* SignUpViewController.swift in Sources */ = {isa = PBXBuildFile; fileRef = 05EB1B3D242473D400E7984B /* SignUpViewController.swift */; };
		05EB1B402424759400E7984B /* SocialMediaAuthenticationView.swift in Sources */ = {isa = PBXBuildFile; fileRef = 05EB1B3F2424759400E7984B /* SocialMediaAuthenticationView.swift */; };
		05EB1B422424A6C900E7984B /* AuthenticationTypeSwitcherView.swift in Sources */ = {isa = PBXBuildFile; fileRef = 05EB1B412424A6C900E7984B /* AuthenticationTypeSwitcherView.swift */; };
		05EB1B442424AC4900E7984B /* AuthenticationFormView.swift in Sources */ = {isa = PBXBuildFile; fileRef = 05EB1B432424AC4900E7984B /* AuthenticationFormView.swift */; };
		05EB1B462424D27600E7984B /* LoginViewController.swift in Sources */ = {isa = PBXBuildFile; fileRef = 05EB1B452424D27600E7984B /* LoginViewController.swift */; };
		05FC8A8A247F9FE8005C3FF6 /* UserInformation.swift in Sources */ = {isa = PBXBuildFile; fileRef = 05FC8A89247F9FE8005C3FF6 /* UserInformation.swift */; };
		1D7FE1880AE1195404A71B35 /* libPods-FitGoal.a in Frameworks */ = {isa = PBXBuildFile; fileRef = 6537303486DC6B0C92115EB1 /* libPods-FitGoal.a */; };
		C0E9C52B32FD169709712A9E /* libPods-FitGoalUITests.a in Frameworks */ = {isa = PBXBuildFile; fileRef = B26CC521159F56056E916FD2 /* libPods-FitGoalUITests.a */; };
		F14233AB240CF77D000E8873 /* AppDelegate.swift in Sources */ = {isa = PBXBuildFile; fileRef = F14233AA240CF77D000E8873 /* AppDelegate.swift */; };
		F14233AD240CF77D000E8873 /* SceneDelegate.swift in Sources */ = {isa = PBXBuildFile; fileRef = F14233AC240CF77D000E8873 /* SceneDelegate.swift */; };
		F14233AF240CF77D000E8873 /* HomeViewController.swift in Sources */ = {isa = PBXBuildFile; fileRef = F14233AE240CF77D000E8873 /* HomeViewController.swift */; };
		F14233B2240CF77D000E8873 /* Main.storyboard in Resources */ = {isa = PBXBuildFile; fileRef = F14233B0240CF77D000E8873 /* Main.storyboard */; };
		F14233B4240CF77F000E8873 /* Assets.xcassets in Resources */ = {isa = PBXBuildFile; fileRef = F14233B3240CF77F000E8873 /* Assets.xcassets */; };
		F14233B7240CF77F000E8873 /* LaunchScreen.storyboard in Resources */ = {isa = PBXBuildFile; fileRef = F14233B5240CF77F000E8873 /* LaunchScreen.storyboard */; };
		F14233C2240CF77F000E8873 /* FitGoalTests.swift in Sources */ = {isa = PBXBuildFile; fileRef = F14233C1240CF77F000E8873 /* FitGoalTests.swift */; };
		F14233CD240CF77F000E8873 /* FitGoalUITests.swift in Sources */ = {isa = PBXBuildFile; fileRef = F14233CC240CF77F000E8873 /* FitGoalUITests.swift */; };
		F14233F624127500000E8873 /* UIColor+.swift in Sources */ = {isa = PBXBuildFile; fileRef = F14233F524127500000E8873 /* UIColor+.swift */; };
/* End PBXBuildFile section */

/* Begin PBXContainerItemProxy section */
		F14233BE240CF77F000E8873 /* PBXContainerItemProxy */ = {
			isa = PBXContainerItemProxy;
			containerPortal = F142339F240CF77D000E8873 /* Project object */;
			proxyType = 1;
			remoteGlobalIDString = F14233A6240CF77D000E8873;
			remoteInfo = FitGoal;
		};
		F14233C9240CF77F000E8873 /* PBXContainerItemProxy */ = {
			isa = PBXContainerItemProxy;
			containerPortal = F142339F240CF77D000E8873 /* Project object */;
			proxyType = 1;
			remoteGlobalIDString = F14233A6240CF77D000E8873;
			remoteInfo = FitGoal;
		};
/* End PBXContainerItemProxy section */

/* Begin PBXFileReference section */
		008359F346419108DFD33C8E /* libPods-FitGoalTests.a */ = {isa = PBXFileReference; explicitFileType = archive.ar; includeInIndex = 0; path = "libPods-FitGoalTests.a"; sourceTree = BUILT_PRODUCTS_DIR; };
		05012C9D240D1FCE0065E560 /* Oswald-Medium.ttf */ = {isa = PBXFileReference; lastKnownFileType = file; path = "Oswald-Medium.ttf"; sourceTree = "<group>"; };
		05012C9E240D1FD70065E560 /* Roboto-Regular.ttf */ = {isa = PBXFileReference; lastKnownFileType = file; path = "Roboto-Regular.ttf"; sourceTree = "<group>"; };
		05012C9F240D1FD70065E560 /* Roboto-Bold.ttf */ = {isa = PBXFileReference; lastKnownFileType = file; path = "Roboto-Bold.ttf"; sourceTree = "<group>"; };
		05012CA0240D1FD70065E560 /* Roboto-Light.ttf */ = {isa = PBXFileReference; lastKnownFileType = file; path = "Roboto-Light.ttf"; sourceTree = "<group>"; };
		050507EC24315B3800CE58BC /* GoogleService-Info.plist */ = {isa = PBXFileReference; fileEncoding = 4; lastKnownFileType = text.plist.xml; path = "GoogleService-Info.plist"; sourceTree = "<group>"; };
		050507F42431C54400CE58BC /* UserIdentification.swift */ = {isa = PBXFileReference; lastKnownFileType = sourcecode.swift; path = UserIdentification.swift; sourceTree = "<group>"; };
		050DC1262411FED9009BF1E5 /* RoutineSectionHeader.swift */ = {isa = PBXFileReference; lastKnownFileType = sourcecode.swift; path = RoutineSectionHeader.swift; sourceTree = "<group>"; };
		0515518224501266001A72AA /* WalkthroughIconView.swift */ = {isa = PBXFileReference; fileEncoding = 4; lastKnownFileType = sourcecode.swift; path = WalkthroughIconView.swift; sourceTree = "<group>"; };
		0515518324501266001A72AA /* WalkthroughIcon.swift */ = {isa = PBXFileReference; fileEncoding = 4; lastKnownFileType = sourcecode.swift; path = WalkthroughIcon.swift; sourceTree = "<group>"; };
		051626592478C7FA002A4329 /* IconListView.swift */ = {isa = PBXFileReference; lastKnownFileType = sourcecode.swift; path = IconListView.swift; sourceTree = "<group>"; };
		0516265D247B7A1D002A4329 /* UserInfoEntryViewDelegate.swift */ = {isa = PBXFileReference; lastKnownFileType = sourcecode.swift; path = UserInfoEntryViewDelegate.swift; sourceTree = "<group>"; };
		0516265F247DDFF8002A4329 /* UserPlannerViewController.swift */ = {isa = PBXFileReference; lastKnownFileType = sourcecode.swift; path = UserPlannerViewController.swift; sourceTree = "<group>"; };
		05162661247DE04A002A4329 /* UserPlannerTableViewCell.swift */ = {isa = PBXFileReference; lastKnownFileType = sourcecode.swift; path = UserPlannerTableViewCell.swift; sourceTree = "<group>"; };
		05162663247DE317002A4329 /* UserPlannerTableViewDataSource.swift */ = {isa = PBXFileReference; lastKnownFileType = sourcecode.swift; path = UserPlannerTableViewDataSource.swift; sourceTree = "<group>"; };
		05162665247E3C83002A4329 /* UserPlannerTableViewDelegate.swift */ = {isa = PBXFileReference; lastKnownFileType = sourcecode.swift; path = UserPlannerTableViewDelegate.swift; sourceTree = "<group>"; };
		0517AD4C242426FC0049E48B /* FitGoal.xcdatamodel */ = {isa = PBXFileReference; lastKnownFileType = wrapper.xcdatamodel; path = FitGoal.xcdatamodel; sourceTree = "<group>"; };
		0517AD532424432E0049E48B /* BackgroundView.swift */ = {isa = PBXFileReference; lastKnownFileType = sourcecode.swift; path = BackgroundView.swift; sourceTree = "<group>"; };
		0517AD5524244DD40049E48B /* GreetingViewController.swift */ = {isa = PBXFileReference; lastKnownFileType = sourcecode.swift; path = GreetingViewController.swift; sourceTree = "<group>"; };
		053E78A5245538B700A8CF37 /* WalkthroughPageViewController.swift */ = {isa = PBXFileReference; lastKnownFileType = sourcecode.swift; path = WalkthroughPageViewController.swift; sourceTree = "<group>"; };
		053E78A72455472B00A8CF37 /* UserProfileConfiguratorViewController.swift */ = {isa = PBXFileReference; lastKnownFileType = sourcecode.swift; path = UserProfileConfiguratorViewController.swift; sourceTree = "<group>"; };
		0546E2DB24151090004A0F65 /* RoutineInspectorCell.swift */ = {isa = PBXFileReference; lastKnownFileType = sourcecode.swift; path = RoutineInspectorCell.swift; sourceTree = "<group>"; };
		0546E2DD241511CF004A0F65 /* ExerciseCell.swift */ = {isa = PBXFileReference; lastKnownFileType = sourcecode.swift; path = ExerciseCell.swift; sourceTree = "<group>"; };
		0546E2DF2415134C004A0F65 /* Exersice.swift */ = {isa = PBXFileReference; lastKnownFileType = sourcecode.swift; path = Exersice.swift; sourceTree = "<group>"; };
		054B905E24627CF600E9BCD2 /* AccountInfoCell.swift */ = {isa = PBXFileReference; lastKnownFileType = sourcecode.swift; name = AccountInfoCell.swift; path = FitGoal/Setting/AccountInfoCell.swift; sourceTree = SOURCE_ROOT; };
		054DC8A824344CDA008B2B4F /* Authenticator.swift */ = {isa = PBXFileReference; lastKnownFileType = sourcecode.swift; path = Authenticator.swift; sourceTree = "<group>"; };
		054DC8AA2434602C008B2B4F /* AppPreferences.swift */ = {isa = PBXFileReference; lastKnownFileType = sourcecode.swift; path = AppPreferences.swift; sourceTree = "<group>"; };
		055284CD244EC00700ACBF5F /* UITextField+.swift */ = {isa = PBXFileReference; lastKnownFileType = sourcecode.swift; path = "UITextField+.swift"; sourceTree = "<group>"; };
		055284CF244FDEC300ACBF5F /* TextFieldType.swift */ = {isa = PBXFileReference; lastKnownFileType = sourcecode.swift; path = TextFieldType.swift; sourceTree = "<group>"; };
		0555BA99245BA51100422BCD /* SettingsViewController.swift */ = {isa = PBXFileReference; lastKnownFileType = sourcecode.swift; path = SettingsViewController.swift; sourceTree = "<group>"; };
		0555BA9B245BA9BD00422BCD /* SettingHeaderView.swift */ = {isa = PBXFileReference; lastKnownFileType = sourcecode.swift; path = SettingHeaderView.swift; sourceTree = "<group>"; };
		055F18252456AD14004A49C5 /* LoginValidator.swift */ = {isa = PBXFileReference; lastKnownFileType = sourcecode.swift; path = LoginValidator.swift; sourceTree = "<group>"; };
		055F62CC2429868B0054934F /* IconView.swift */ = {isa = PBXFileReference; lastKnownFileType = sourcecode.swift; path = IconView.swift; sourceTree = "<group>"; };
		05644D4D2461381F00E32434 /* UserInfoCell.swift */ = {isa = PBXFileReference; lastKnownFileType = sourcecode.swift; path = UserInfoCell.swift; sourceTree = "<group>"; };
		057E23C8244009DC004CAD01 /* SignUpValidator.swift */ = {isa = PBXFileReference; lastKnownFileType = sourcecode.swift; path = SignUpValidator.swift; sourceTree = "<group>"; };
		058312A8242C291800708195 /* AuthenticationType.swift */ = {isa = PBXFileReference; lastKnownFileType = sourcecode.swift; path = AuthenticationType.swift; sourceTree = "<group>"; };
		058380B424370E5F0027E9E0 /* AuthenticationViewController.swift */ = {isa = PBXFileReference; lastKnownFileType = sourcecode.swift; path = AuthenticationViewController.swift; sourceTree = "<group>"; };
		05A370C32415AA33009A654E /* URL+.swift */ = {isa = PBXFileReference; lastKnownFileType = sourcecode.swift; path = "URL+.swift"; sourceTree = "<group>"; };
		05B2E1E1240F28EB009B0443 /* Routine.swift */ = {isa = PBXFileReference; lastKnownFileType = sourcecode.swift; path = Routine.swift; sourceTree = "<group>"; };
		05B2E1E3240F2C5D009B0443 /* SuggestedRoutineCell.swift */ = {isa = PBXFileReference; lastKnownFileType = sourcecode.swift; path = SuggestedRoutineCell.swift; sourceTree = "<group>"; };
		05B2E208240F955C009B0443 /* HomeViewController + UICollectionViewDataSource.swift */ = {isa = PBXFileReference; lastKnownFileType = sourcecode.swift; path = "HomeViewController + UICollectionViewDataSource.swift"; sourceTree = "<group>"; };
		05B2E20A240F95AF009B0443 /* HomeViewController + UICollectionViewDelegateFlowLayout.swift */ = {isa = PBXFileReference; lastKnownFileType = sourcecode.swift; path = "HomeViewController + UICollectionViewDelegateFlowLayout.swift"; sourceTree = "<group>"; };
		05BBF74E2414B5B700EF42E9 /* GoalTrakerCell.swift */ = {isa = PBXFileReference; lastKnownFileType = sourcecode.swift; path = GoalTrakerCell.swift; sourceTree = "<group>"; };
		05BBF750241503F100EF42E9 /* String+.swift */ = {isa = PBXFileReference; lastKnownFileType = sourcecode.swift; path = "String+.swift"; sourceTree = "<group>"; };
		05CDE5072421FCE9000AF5EE /* DetailViewController.swift */ = {isa = PBXFileReference; lastKnownFileType = sourcecode.swift; path = DetailViewController.swift; sourceTree = "<group>"; };
		05CDE50924235DC2000AF5EE /* UIView+.swift */ = {isa = PBXFileReference; lastKnownFileType = sourcecode.swift; path = "UIView+.swift"; sourceTree = "<group>"; };
		05CDEFAA2418D28100C1822D /* ExerciseMO+CoreDataClass.swift */ = {isa = PBXFileReference; lastKnownFileType = sourcecode.swift; path = "ExerciseMO+CoreDataClass.swift"; sourceTree = "<group>"; };
		05CDEFD1241A294500C1822D /* CoreDataPersistance.swift */ = {isa = PBXFileReference; lastKnownFileType = sourcecode.swift; path = CoreDataPersistance.swift; sourceTree = "<group>"; };
		05CDEFD3241A319D00C1822D /* RoutineStateInspector.swift */ = {isa = PBXFileReference; lastKnownFileType = sourcecode.swift; path = RoutineStateInspector.swift; sourceTree = "<group>"; };
		05CDEFD5241B3DFF00C1822D /* GradientView.swift */ = {isa = PBXFileReference; lastKnownFileType = sourcecode.swift; path = GradientView.swift; sourceTree = "<group>"; };
		05EB1B3D242473D400E7984B /* SignUpViewController.swift */ = {isa = PBXFileReference; fileEncoding = 4; lastKnownFileType = sourcecode.swift; path = SignUpViewController.swift; sourceTree = "<group>"; };
		05EB1B3F2424759400E7984B /* SocialMediaAuthenticationView.swift */ = {isa = PBXFileReference; lastKnownFileType = sourcecode.swift; path = SocialMediaAuthenticationView.swift; sourceTree = "<group>"; };
		05EB1B412424A6C900E7984B /* AuthenticationTypeSwitcherView.swift */ = {isa = PBXFileReference; lastKnownFileType = sourcecode.swift; path = AuthenticationTypeSwitcherView.swift; sourceTree = "<group>"; };
		05EB1B432424AC4900E7984B /* AuthenticationFormView.swift */ = {isa = PBXFileReference; lastKnownFileType = sourcecode.swift; path = AuthenticationFormView.swift; sourceTree = "<group>"; };
		05EB1B452424D27600E7984B /* LoginViewController.swift */ = {isa = PBXFileReference; lastKnownFileType = sourcecode.swift; path = LoginViewController.swift; sourceTree = "<group>"; };
		05FC8A89247F9FE8005C3FF6 /* UserInformation.swift */ = {isa = PBXFileReference; lastKnownFileType = sourcecode.swift; path = UserInformation.swift; sourceTree = "<group>"; };
		4EE093ADD58E1D7923CE8C65 /* Pods-FitGoal.release.xcconfig */ = {isa = PBXFileReference; includeInIndex = 1; lastKnownFileType = text.xcconfig; name = "Pods-FitGoal.release.xcconfig"; path = "Target Support Files/Pods-FitGoal/Pods-FitGoal.release.xcconfig"; sourceTree = "<group>"; };
		4F50A60850CCD7C728954905 /* Pods-FitGoalTests.debug.xcconfig */ = {isa = PBXFileReference; includeInIndex = 1; lastKnownFileType = text.xcconfig; name = "Pods-FitGoalTests.debug.xcconfig"; path = "Target Support Files/Pods-FitGoalTests/Pods-FitGoalTests.debug.xcconfig"; sourceTree = "<group>"; };
		6498C1122412C9CA50CDACC3 /* Pods-FitGoal.debug.xcconfig */ = {isa = PBXFileReference; includeInIndex = 1; lastKnownFileType = text.xcconfig; name = "Pods-FitGoal.debug.xcconfig"; path = "Target Support Files/Pods-FitGoal/Pods-FitGoal.debug.xcconfig"; sourceTree = "<group>"; };
		6537303486DC6B0C92115EB1 /* libPods-FitGoal.a */ = {isa = PBXFileReference; explicitFileType = archive.ar; includeInIndex = 0; path = "libPods-FitGoal.a"; sourceTree = BUILT_PRODUCTS_DIR; };
		85201255F1A0F7F96AEF2313 /* Pods-FitGoalUITests.release.xcconfig */ = {isa = PBXFileReference; includeInIndex = 1; lastKnownFileType = text.xcconfig; name = "Pods-FitGoalUITests.release.xcconfig"; path = "Target Support Files/Pods-FitGoalUITests/Pods-FitGoalUITests.release.xcconfig"; sourceTree = "<group>"; };
		A3C60E7E7DDEA809FA5B6CB5 /* Pods-FitGoalTests.release.xcconfig */ = {isa = PBXFileReference; includeInIndex = 1; lastKnownFileType = text.xcconfig; name = "Pods-FitGoalTests.release.xcconfig"; path = "Target Support Files/Pods-FitGoalTests/Pods-FitGoalTests.release.xcconfig"; sourceTree = "<group>"; };
		B26CC521159F56056E916FD2 /* libPods-FitGoalUITests.a */ = {isa = PBXFileReference; explicitFileType = archive.ar; includeInIndex = 0; path = "libPods-FitGoalUITests.a"; sourceTree = BUILT_PRODUCTS_DIR; };
		BC7BD3B8DDDF0F82610ADD03 /* Pods-FitGoalUITests.debug.xcconfig */ = {isa = PBXFileReference; includeInIndex = 1; lastKnownFileType = text.xcconfig; name = "Pods-FitGoalUITests.debug.xcconfig"; path = "Target Support Files/Pods-FitGoalUITests/Pods-FitGoalUITests.debug.xcconfig"; sourceTree = "<group>"; };
		F14233A7240CF77D000E8873 /* FitGoal.app */ = {isa = PBXFileReference; explicitFileType = wrapper.application; includeInIndex = 0; path = FitGoal.app; sourceTree = BUILT_PRODUCTS_DIR; };
		F14233AA240CF77D000E8873 /* AppDelegate.swift */ = {isa = PBXFileReference; lastKnownFileType = sourcecode.swift; path = AppDelegate.swift; sourceTree = "<group>"; };
		F14233AC240CF77D000E8873 /* SceneDelegate.swift */ = {isa = PBXFileReference; lastKnownFileType = sourcecode.swift; path = SceneDelegate.swift; sourceTree = "<group>"; };
		F14233AE240CF77D000E8873 /* HomeViewController.swift */ = {isa = PBXFileReference; lastKnownFileType = sourcecode.swift; path = HomeViewController.swift; sourceTree = "<group>"; };
		F14233B1240CF77D000E8873 /* Base */ = {isa = PBXFileReference; lastKnownFileType = file.storyboard; name = Base; path = Base.lproj/Main.storyboard; sourceTree = "<group>"; };
		F14233B3240CF77F000E8873 /* Assets.xcassets */ = {isa = PBXFileReference; lastKnownFileType = folder.assetcatalog; path = Assets.xcassets; sourceTree = "<group>"; };
		F14233B6240CF77F000E8873 /* Base */ = {isa = PBXFileReference; lastKnownFileType = file.storyboard; name = Base; path = Base.lproj/LaunchScreen.storyboard; sourceTree = "<group>"; };
		F14233B8240CF77F000E8873 /* Info.plist */ = {isa = PBXFileReference; lastKnownFileType = text.plist.xml; path = Info.plist; sourceTree = "<group>"; };
		F14233BD240CF77F000E8873 /* FitGoalTests.xctest */ = {isa = PBXFileReference; explicitFileType = wrapper.cfbundle; includeInIndex = 0; path = FitGoalTests.xctest; sourceTree = BUILT_PRODUCTS_DIR; };
		F14233C1240CF77F000E8873 /* FitGoalTests.swift */ = {isa = PBXFileReference; lastKnownFileType = sourcecode.swift; path = FitGoalTests.swift; sourceTree = "<group>"; };
		F14233C3240CF77F000E8873 /* Info.plist */ = {isa = PBXFileReference; lastKnownFileType = text.plist.xml; path = Info.plist; sourceTree = "<group>"; };
		F14233C8240CF77F000E8873 /* FitGoalUITests.xctest */ = {isa = PBXFileReference; explicitFileType = wrapper.cfbundle; includeInIndex = 0; path = FitGoalUITests.xctest; sourceTree = BUILT_PRODUCTS_DIR; };
		F14233CC240CF77F000E8873 /* FitGoalUITests.swift */ = {isa = PBXFileReference; lastKnownFileType = sourcecode.swift; path = FitGoalUITests.swift; sourceTree = "<group>"; };
		F14233CE240CF77F000E8873 /* Info.plist */ = {isa = PBXFileReference; lastKnownFileType = text.plist.xml; path = Info.plist; sourceTree = "<group>"; };
		F14233F524127500000E8873 /* UIColor+.swift */ = {isa = PBXFileReference; lastKnownFileType = sourcecode.swift; path = "UIColor+.swift"; sourceTree = "<group>"; };
/* End PBXFileReference section */

/* Begin PBXFrameworksBuildPhase section */
		F14233A4240CF77D000E8873 /* Frameworks */ = {
			isa = PBXFrameworksBuildPhase;
			buildActionMask = 2147483647;
			files = (
				1D7FE1880AE1195404A71B35 /* libPods-FitGoal.a in Frameworks */,
			);
			runOnlyForDeploymentPostprocessing = 0;
		};
		F14233BA240CF77F000E8873 /* Frameworks */ = {
			isa = PBXFrameworksBuildPhase;
			buildActionMask = 2147483647;
			files = (
				00C84920369C7D7FD39D8A38 /* libPods-FitGoalTests.a in Frameworks */,
			);
			runOnlyForDeploymentPostprocessing = 0;
		};
		F14233C5240CF77F000E8873 /* Frameworks */ = {
			isa = PBXFrameworksBuildPhase;
			buildActionMask = 2147483647;
			files = (
				C0E9C52B32FD169709712A9E /* libPods-FitGoalUITests.a in Frameworks */,
			);
			runOnlyForDeploymentPostprocessing = 0;
		};
/* End PBXFrameworksBuildPhase section */

/* Begin PBXGroup section */
		05012C89240D1C940065E560 /* fonts */ = {
			isa = PBXGroup;
			children = (
				05012C9D240D1FCE0065E560 /* Oswald-Medium.ttf */,
				05012C9F240D1FD70065E560 /* Roboto-Bold.ttf */,
				05012CA0240D1FD70065E560 /* Roboto-Light.ttf */,
				05012C9E240D1FD70065E560 /* Roboto-Regular.ttf */,
			);
			path = fonts;
			sourceTree = "<group>";
		};
		0515518824501594001A72AA /* UserProfileConfiguration */ = {
			isa = PBXGroup;
			children = (
				0515518324501266001A72AA /* WalkthroughIcon.swift */,
				0515518224501266001A72AA /* WalkthroughIconView.swift */,
				051626592478C7FA002A4329 /* IconListView.swift */,
				05FC8A89247F9FE8005C3FF6 /* UserInformation.swift */,
				05155189245015D0001A72AA /* ViewControllers */,
			);
			path = UserProfileConfiguration;
			sourceTree = "<group>";
		};
		05155189245015D0001A72AA /* ViewControllers */ = {
			isa = PBXGroup;
			children = (
				05162661247DE04A002A4329 /* UserPlannerTableViewCell.swift */,
				05162663247DE317002A4329 /* UserPlannerTableViewDataSource.swift */,
				05162665247E3C83002A4329 /* UserPlannerTableViewDelegate.swift */,
				0516265F247DDFF8002A4329 /* UserPlannerViewController.swift */,
				053E78A72455472B00A8CF37 /* UserProfileConfiguratorViewController.swift */,
				0516265D247B7A1D002A4329 /* UserInfoEntryViewDelegate.swift */,
				053E78A5245538B700A8CF37 /* WalkthroughPageViewController.swift */,
			);
			path = ViewControllers;
			sourceTree = "<group>";
		};
		0517AD52242442F20049E48B /* Singup&Singin */ = {
			isa = PBXGroup;
			children = (
				050507F42431C54400CE58BC /* UserIdentification.swift */,
				054DC8AA2434602C008B2B4F /* AppPreferences.swift */,
				054DC8A824344CDA008B2B4F /* Authenticator.swift */,
				05EB1B3D242473D400E7984B /* SignUpViewController.swift */,
				05EB1B452424D27600E7984B /* LoginViewController.swift */,
				0517AD5524244DD40049E48B /* GreetingViewController.swift */,
				058380B424370E5F0027E9E0 /* AuthenticationViewController.swift */,
				057E23C8244009DC004CAD01 /* SignUpValidator.swift */,
				055F18252456AD14004A49C5 /* LoginValidator.swift */,
				05EB1B472424EA5900E7984B /* CustomUIViews */,
			);
			path = "Singup&Singin";
			sourceTree = "<group>";
		};
		0555BA9D245BA9C600422BCD /* Setting */ = {
			isa = PBXGroup;
			children = (
				0555BA99245BA51100422BCD /* SettingsViewController.swift */,
				05644D4D2461381F00E32434 /* UserInfoCell.swift */,
				0555BA9B245BA9BD00422BCD /* SettingHeaderView.swift */,
				054B905E24627CF600E9BCD2 /* AccountInfoCell.swift */,
			);
			path = Setting;
			sourceTree = "<group>";
		};
		056A49B7241F287A00707791 /* CoreData */ = {
			isa = PBXGroup;
			children = (
				0517AD4B242426FC0049E48B /* FitGoal.xcdatamodeld */,
				05CDEFD1241A294500C1822D /* CoreDataPersistance.swift */,
				05CDEFAA2418D28100C1822D /* ExerciseMO+CoreDataClass.swift */,
			);
			path = CoreData;
			sourceTree = "<group>";
		};
		056A49B8241F288A00707791 /* Utilities */ = {
			isa = PBXGroup;
			children = (
				05CDEFD5241B3DFF00C1822D /* GradientView.swift */,
				F14233F524127500000E8873 /* UIColor+.swift */,
				05BBF750241503F100EF42E9 /* String+.swift */,
				05A370C32415AA33009A654E /* URL+.swift */,
				05CDE50924235DC2000AF5EE /* UIView+.swift */,
				055284CD244EC00700ACBF5F /* UITextField+.swift */,
			);
			path = Utilities;
			sourceTree = "<group>";
		};
		056A49B9241F28BB00707791 /* HomeViewController */ = {
			isa = PBXGroup;
			children = (
				F14233AE240CF77D000E8873 /* HomeViewController.swift */,
				05B2E20A240F95AF009B0443 /* HomeViewController + UICollectionViewDelegateFlowLayout.swift */,
				05B2E208240F955C009B0443 /* HomeViewController + UICollectionViewDataSource.swift */,
				056A49BA241F28F800707791 /* CollectionViewSectionsAndHeaders */,
			);
			path = HomeViewController;
			sourceTree = "<group>";
		};
		056A49BA241F28F800707791 /* CollectionViewSectionsAndHeaders */ = {
			isa = PBXGroup;
			children = (
				050DC1262411FED9009BF1E5 /* RoutineSectionHeader.swift */,
				05B2E1E3240F2C5D009B0443 /* SuggestedRoutineCell.swift */,
				05BBF74E2414B5B700EF42E9 /* GoalTrakerCell.swift */,
				0546E2DB24151090004A0F65 /* RoutineInspectorCell.swift */,
				05CDEFD3241A319D00C1822D /* RoutineStateInspector.swift */,
				056A49BB241F29A900707791 /* RoutineInspectorCollectionViewCell */,
			);
			path = CollectionViewSectionsAndHeaders;
			sourceTree = "<group>";
		};
		056A49BB241F29A900707791 /* RoutineInspectorCollectionViewCell */ = {
			isa = PBXGroup;
			children = (
				0546E2DD241511CF004A0F65 /* ExerciseCell.swift */,
			);
			name = RoutineInspectorCollectionViewCell;
			sourceTree = "<group>";
		};
		056A49BC241F29F300707791 /* Model */ = {
			isa = PBXGroup;
			children = (
				05B2E1E1240F28EB009B0443 /* Routine.swift */,
				0546E2DF2415134C004A0F65 /* Exersice.swift */,
			);
			path = Model;
			sourceTree = "<group>";
		};
		056A49BD241F2A2B00707791 /* ExerciseDetailViewController */ = {
			isa = PBXGroup;
			children = (
				05CDE5072421FCE9000AF5EE /* DetailViewController.swift */,
			);
			path = ExerciseDetailViewController;
			sourceTree = "<group>";
		};
		056A49BE241F2A6300707791 /* SupportFiles */ = {
			isa = PBXGroup;
			children = (
				F14233B0240CF77D000E8873 /* Main.storyboard */,
				F14233B3240CF77F000E8873 /* Assets.xcassets */,
				F14233B5240CF77F000E8873 /* LaunchScreen.storyboard */,
				05012C89240D1C940065E560 /* fonts */,
			);
			path = SupportFiles;
			sourceTree = "<group>";
		};
		05EB1B472424EA5900E7984B /* CustomUIViews */ = {
			isa = PBXGroup;
			children = (
				055F62CC2429868B0054934F /* IconView.swift */,
				05EB1B432424AC4900E7984B /* AuthenticationFormView.swift */,
				055284CF244FDEC300ACBF5F /* TextFieldType.swift */,
				058312A8242C291800708195 /* AuthenticationType.swift */,
				0517AD532424432E0049E48B /* BackgroundView.swift */,
				05EB1B412424A6C900E7984B /* AuthenticationTypeSwitcherView.swift */,
				05EB1B3F2424759400E7984B /* SocialMediaAuthenticationView.swift */,
			);
			path = CustomUIViews;
			sourceTree = "<group>";
		};
		C70C517EA60D214CE936C48D /* Pods */ = {
			isa = PBXGroup;
			children = (
				6498C1122412C9CA50CDACC3 /* Pods-FitGoal.debug.xcconfig */,
				4EE093ADD58E1D7923CE8C65 /* Pods-FitGoal.release.xcconfig */,
				4F50A60850CCD7C728954905 /* Pods-FitGoalTests.debug.xcconfig */,
				A3C60E7E7DDEA809FA5B6CB5 /* Pods-FitGoalTests.release.xcconfig */,
				BC7BD3B8DDDF0F82610ADD03 /* Pods-FitGoalUITests.debug.xcconfig */,
				85201255F1A0F7F96AEF2313 /* Pods-FitGoalUITests.release.xcconfig */,
			);
			path = Pods;
			sourceTree = "<group>";
		};
		F142339E240CF77D000E8873 = {
			isa = PBXGroup;
			children = (
				F14233A9240CF77D000E8873 /* FitGoal */,
				F14233C0240CF77F000E8873 /* FitGoalTests */,
				F14233CB240CF77F000E8873 /* FitGoalUITests */,
				F14233A8240CF77D000E8873 /* Products */,
				C70C517EA60D214CE936C48D /* Pods */,
				F9DF5F902422A2A31A22E9DB /* Frameworks */,
			);
			sourceTree = "<group>";
		};
		F14233A8240CF77D000E8873 /* Products */ = {
			isa = PBXGroup;
			children = (
				F14233A7240CF77D000E8873 /* FitGoal.app */,
				F14233BD240CF77F000E8873 /* FitGoalTests.xctest */,
				F14233C8240CF77F000E8873 /* FitGoalUITests.xctest */,
			);
			name = Products;
			sourceTree = "<group>";
		};
		F14233A9240CF77D000E8873 /* FitGoal */ = {
			isa = PBXGroup;
			children = (
				050507EC24315B3800CE58BC /* GoogleService-Info.plist */,
				F14233B8240CF77F000E8873 /* Info.plist */,
				F14233AA240CF77D000E8873 /* AppDelegate.swift */,
				F14233AC240CF77D000E8873 /* SceneDelegate.swift */,
				0555BA9D245BA9C600422BCD /* Setting */,
				0515518824501594001A72AA /* UserProfileConfiguration */,
				056A49BE241F2A6300707791 /* SupportFiles */,
				0517AD52242442F20049E48B /* Singup&Singin */,
				056A49B7241F287A00707791 /* CoreData */,
				056A49B8241F288A00707791 /* Utilities */,
				056A49B9241F28BB00707791 /* HomeViewController */,
				056A49BC241F29F300707791 /* Model */,
				056A49BD241F2A2B00707791 /* ExerciseDetailViewController */,
			);
			path = FitGoal;
			sourceTree = "<group>";
		};
		F14233C0240CF77F000E8873 /* FitGoalTests */ = {
			isa = PBXGroup;
			children = (
				F14233C1240CF77F000E8873 /* FitGoalTests.swift */,
				F14233C3240CF77F000E8873 /* Info.plist */,
			);
			path = FitGoalTests;
			sourceTree = "<group>";
		};
		F14233CB240CF77F000E8873 /* FitGoalUITests */ = {
			isa = PBXGroup;
			children = (
				F14233CC240CF77F000E8873 /* FitGoalUITests.swift */,
				F14233CE240CF77F000E8873 /* Info.plist */,
			);
			path = FitGoalUITests;
			sourceTree = "<group>";
		};
		F9DF5F902422A2A31A22E9DB /* Frameworks */ = {
			isa = PBXGroup;
			children = (
				6537303486DC6B0C92115EB1 /* libPods-FitGoal.a */,
				008359F346419108DFD33C8E /* libPods-FitGoalTests.a */,
				B26CC521159F56056E916FD2 /* libPods-FitGoalUITests.a */,
			);
			name = Frameworks;
			sourceTree = "<group>";
		};
/* End PBXGroup section */

/* Begin PBXNativeTarget section */
		F14233A6240CF77D000E8873 /* FitGoal */ = {
			isa = PBXNativeTarget;
			buildConfigurationList = F14233D1240CF77F000E8873 /* Build configuration list for PBXNativeTarget "FitGoal" */;
			buildPhases = (
				304C150652ABF7B55FACBA0B /* [CP] Check Pods Manifest.lock */,
				F14233A3240CF77D000E8873 /* Sources */,
				F14233A4240CF77D000E8873 /* Frameworks */,
				F14233A5240CF77D000E8873 /* Resources */,
				878AB8AC5CBD6DEE9214BCFA /* [CP] Copy Pods Resources */,
			);
			buildRules = (
			);
			dependencies = (
			);
			name = FitGoal;
			productName = FitGoal;
			productReference = F14233A7240CF77D000E8873 /* FitGoal.app */;
			productType = "com.apple.product-type.application";
		};
		F14233BC240CF77F000E8873 /* FitGoalTests */ = {
			isa = PBXNativeTarget;
			buildConfigurationList = F14233D4240CF77F000E8873 /* Build configuration list for PBXNativeTarget "FitGoalTests" */;
			buildPhases = (
				7B316D44E1B90747953515A2 /* [CP] Check Pods Manifest.lock */,
				F14233B9240CF77F000E8873 /* Sources */,
				F14233BA240CF77F000E8873 /* Frameworks */,
				F14233BB240CF77F000E8873 /* Resources */,
			);
			buildRules = (
			);
			dependencies = (
				F14233BF240CF77F000E8873 /* PBXTargetDependency */,
			);
			name = FitGoalTests;
			productName = FitGoalTests;
			productReference = F14233BD240CF77F000E8873 /* FitGoalTests.xctest */;
			productType = "com.apple.product-type.bundle.unit-test";
		};
		F14233C7240CF77F000E8873 /* FitGoalUITests */ = {
			isa = PBXNativeTarget;
			buildConfigurationList = F14233D7240CF77F000E8873 /* Build configuration list for PBXNativeTarget "FitGoalUITests" */;
			buildPhases = (
				A10050E60C7645418928A81A /* [CP] Check Pods Manifest.lock */,
				F14233C4240CF77F000E8873 /* Sources */,
				F14233C5240CF77F000E8873 /* Frameworks */,
				F14233C6240CF77F000E8873 /* Resources */,
			);
			buildRules = (
			);
			dependencies = (
				F14233CA240CF77F000E8873 /* PBXTargetDependency */,
			);
			name = FitGoalUITests;
			productName = FitGoalUITests;
			productReference = F14233C8240CF77F000E8873 /* FitGoalUITests.xctest */;
			productType = "com.apple.product-type.bundle.ui-testing";
		};
/* End PBXNativeTarget section */

/* Begin PBXProject section */
		F142339F240CF77D000E8873 /* Project object */ = {
			isa = PBXProject;
			attributes = {
				LastSwiftUpdateCheck = 1130;
				LastUpgradeCheck = 1130;
				ORGANIZATIONNAME = "Eliany Barrera";
				TargetAttributes = {
					F14233A6240CF77D000E8873 = {
						CreatedOnToolsVersion = 11.3.1;
					};
					F14233BC240CF77F000E8873 = {
						CreatedOnToolsVersion = 11.3.1;
						TestTargetID = F14233A6240CF77D000E8873;
					};
					F14233C7240CF77F000E8873 = {
						CreatedOnToolsVersion = 11.3.1;
						TestTargetID = F14233A6240CF77D000E8873;
					};
				};
			};
			buildConfigurationList = F14233A2240CF77D000E8873 /* Build configuration list for PBXProject "FitGoal" */;
			compatibilityVersion = "Xcode 9.3";
			developmentRegion = en;
			hasScannedForEncodings = 0;
			knownRegions = (
				en,
				Base,
			);
			mainGroup = F142339E240CF77D000E8873;
			productRefGroup = F14233A8240CF77D000E8873 /* Products */;
			projectDirPath = "";
			projectRoot = "";
			targets = (
				F14233A6240CF77D000E8873 /* FitGoal */,
				F14233BC240CF77F000E8873 /* FitGoalTests */,
				F14233C7240CF77F000E8873 /* FitGoalUITests */,
			);
		};
/* End PBXProject section */

/* Begin PBXResourcesBuildPhase section */
		F14233A5240CF77D000E8873 /* Resources */ = {
			isa = PBXResourcesBuildPhase;
			buildActionMask = 2147483647;
			files = (
				F14233B7240CF77F000E8873 /* LaunchScreen.storyboard in Resources */,
				050507ED24315B3800CE58BC /* GoogleService-Info.plist in Resources */,
				05012CA4240D21F30065E560 /* Roboto-Regular.ttf in Resources */,
				05012CA1240D21EC0065E560 /* Oswald-Medium.ttf in Resources */,
				05012CA3240D21F00065E560 /* Roboto-Light.ttf in Resources */,
				05012CA2240D21EE0065E560 /* Roboto-Bold.ttf in Resources */,
				F14233B4240CF77F000E8873 /* Assets.xcassets in Resources */,
				F14233B2240CF77D000E8873 /* Main.storyboard in Resources */,
			);
			runOnlyForDeploymentPostprocessing = 0;
		};
		F14233BB240CF77F000E8873 /* Resources */ = {
			isa = PBXResourcesBuildPhase;
			buildActionMask = 2147483647;
			files = (
			);
			runOnlyForDeploymentPostprocessing = 0;
		};
		F14233C6240CF77F000E8873 /* Resources */ = {
			isa = PBXResourcesBuildPhase;
			buildActionMask = 2147483647;
			files = (
			);
			runOnlyForDeploymentPostprocessing = 0;
		};
/* End PBXResourcesBuildPhase section */

/* Begin PBXShellScriptBuildPhase section */
		304C150652ABF7B55FACBA0B /* [CP] Check Pods Manifest.lock */ = {
			isa = PBXShellScriptBuildPhase;
			buildActionMask = 2147483647;
			files = (
			);
			inputFileListPaths = (
			);
			inputPaths = (
				"${PODS_PODFILE_DIR_PATH}/Podfile.lock",
				"${PODS_ROOT}/Manifest.lock",
			);
			name = "[CP] Check Pods Manifest.lock";
			outputFileListPaths = (
			);
			outputPaths = (
				"$(DERIVED_FILE_DIR)/Pods-FitGoal-checkManifestLockResult.txt",
			);
			runOnlyForDeploymentPostprocessing = 0;
			shellPath = /bin/sh;
			shellScript = "diff \"${PODS_PODFILE_DIR_PATH}/Podfile.lock\" \"${PODS_ROOT}/Manifest.lock\" > /dev/null\nif [ $? != 0 ] ; then\n    # print error to STDERR\n    echo \"error: The sandbox is not in sync with the Podfile.lock. Run 'pod install' or update your CocoaPods installation.\" >&2\n    exit 1\nfi\n# This output is used by Xcode 'outputs' to avoid re-running this script phase.\necho \"SUCCESS\" > \"${SCRIPT_OUTPUT_FILE_0}\"\n";
			showEnvVarsInLog = 0;
		};
		7B316D44E1B90747953515A2 /* [CP] Check Pods Manifest.lock */ = {
			isa = PBXShellScriptBuildPhase;
			buildActionMask = 2147483647;
			files = (
			);
			inputFileListPaths = (
			);
			inputPaths = (
				"${PODS_PODFILE_DIR_PATH}/Podfile.lock",
				"${PODS_ROOT}/Manifest.lock",
			);
			name = "[CP] Check Pods Manifest.lock";
			outputFileListPaths = (
			);
			outputPaths = (
				"$(DERIVED_FILE_DIR)/Pods-FitGoalTests-checkManifestLockResult.txt",
			);
			runOnlyForDeploymentPostprocessing = 0;
			shellPath = /bin/sh;
			shellScript = "diff \"${PODS_PODFILE_DIR_PATH}/Podfile.lock\" \"${PODS_ROOT}/Manifest.lock\" > /dev/null\nif [ $? != 0 ] ; then\n    # print error to STDERR\n    echo \"error: The sandbox is not in sync with the Podfile.lock. Run 'pod install' or update your CocoaPods installation.\" >&2\n    exit 1\nfi\n# This output is used by Xcode 'outputs' to avoid re-running this script phase.\necho \"SUCCESS\" > \"${SCRIPT_OUTPUT_FILE_0}\"\n";
			showEnvVarsInLog = 0;
		};
		878AB8AC5CBD6DEE9214BCFA /* [CP] Copy Pods Resources */ = {
			isa = PBXShellScriptBuildPhase;
			buildActionMask = 2147483647;
			files = (
			);
			inputFileListPaths = (
				"${PODS_ROOT}/Target Support Files/Pods-FitGoal/Pods-FitGoal-resources-${CONFIGURATION}-input-files.xcfilelist",
			);
			name = "[CP] Copy Pods Resources";
			outputFileListPaths = (
				"${PODS_ROOT}/Target Support Files/Pods-FitGoal/Pods-FitGoal-resources-${CONFIGURATION}-output-files.xcfilelist",
			);
			runOnlyForDeploymentPostprocessing = 0;
			shellPath = /bin/sh;
			shellScript = "\"${PODS_ROOT}/Target Support Files/Pods-FitGoal/Pods-FitGoal-resources.sh\"\n";
			showEnvVarsInLog = 0;
		};
		A10050E60C7645418928A81A /* [CP] Check Pods Manifest.lock */ = {
			isa = PBXShellScriptBuildPhase;
			buildActionMask = 2147483647;
			files = (
			);
			inputFileListPaths = (
			);
			inputPaths = (
				"${PODS_PODFILE_DIR_PATH}/Podfile.lock",
				"${PODS_ROOT}/Manifest.lock",
			);
			name = "[CP] Check Pods Manifest.lock";
			outputFileListPaths = (
			);
			outputPaths = (
				"$(DERIVED_FILE_DIR)/Pods-FitGoalUITests-checkManifestLockResult.txt",
			);
			runOnlyForDeploymentPostprocessing = 0;
			shellPath = /bin/sh;
			shellScript = "diff \"${PODS_PODFILE_DIR_PATH}/Podfile.lock\" \"${PODS_ROOT}/Manifest.lock\" > /dev/null\nif [ $? != 0 ] ; then\n    # print error to STDERR\n    echo \"error: The sandbox is not in sync with the Podfile.lock. Run 'pod install' or update your CocoaPods installation.\" >&2\n    exit 1\nfi\n# This output is used by Xcode 'outputs' to avoid re-running this script phase.\necho \"SUCCESS\" > \"${SCRIPT_OUTPUT_FILE_0}\"\n";
			showEnvVarsInLog = 0;
		};
/* End PBXShellScriptBuildPhase section */

/* Begin PBXSourcesBuildPhase section */
		F14233A3240CF77D000E8873 /* Sources */ = {
			isa = PBXSourcesBuildPhase;
			buildActionMask = 2147483647;
			files = (
				0517AD4D242426FC0049E48B /* FitGoal.xcdatamodeld in Sources */,
				05CDEFAC2418D28100C1822D /* ExerciseMO+CoreDataClass.swift in Sources */,
				055284CE244EC00700ACBF5F /* UITextField+.swift in Sources */,
				F14233AF240CF77D000E8873 /* HomeViewController.swift in Sources */,
				05CDEFD6241B3DFF00C1822D /* GradientView.swift in Sources */,
				0546E2E02415134C004A0F65 /* Exersice.swift in Sources */,
				054DC8A924344CDA008B2B4F /* Authenticator.swift in Sources */,
				05CDE5082421FCE9000AF5EE /* DetailViewController.swift in Sources */,
				050DC1272411FED9009BF1E5 /* RoutineSectionHeader.swift in Sources */,
				05EB1B402424759400E7984B /* SocialMediaAuthenticationView.swift in Sources */,
				055F62CD2429868B0054934F /* IconView.swift in Sources */,
				05B2E20B240F95AF009B0443 /* HomeViewController + UICollectionViewDelegateFlowLayout.swift in Sources */,
				05162660247DDFF8002A4329 /* UserPlannerViewController.swift in Sources */,
				05FC8A8A247F9FE8005C3FF6 /* UserInformation.swift in Sources */,
				0516265A2478C7FA002A4329 /* IconListView.swift in Sources */,
				055F18262456AD14004A49C5 /* LoginValidator.swift in Sources */,
				0546E2DE241511CF004A0F65 /* ExerciseCell.swift in Sources */,
				05162664247DE317002A4329 /* UserPlannerTableViewDataSource.swift in Sources */,
				05EB1B442424AC4900E7984B /* AuthenticationFormView.swift in Sources */,
				0555BA9C245BA9BD00422BCD /* SettingHeaderView.swift in Sources */,
				05CDE50A24235DC2000AF5EE /* UIView+.swift in Sources */,
				05BBF74F2414B5B700EF42E9 /* GoalTrakerCell.swift in Sources */,
				F14233AB240CF77D000E8873 /* AppDelegate.swift in Sources */,
				05CDEFD4241A319D00C1822D /* RoutineStateInspector.swift in Sources */,
				05644D4E2461381F00E32434 /* UserInfoCell.swift in Sources */,
				058380B524370E5F0027E9E0 /* AuthenticationViewController.swift in Sources */,
				05B2E1E2240F28EB009B0443 /* Routine.swift in Sources */,
				0546E2DC24151090004A0F65 /* RoutineInspectorCell.swift in Sources */,
				05162662247DE04A002A4329 /* UserPlannerTableViewCell.swift in Sources */,
				055284D0244FDEC300ACBF5F /* TextFieldType.swift in Sources */,
				0517AD542424432E0049E48B /* BackgroundView.swift in Sources */,
				05EB1B462424D27600E7984B /* LoginViewController.swift in Sources */,
				054DC8AB2434602C008B2B4F /* AppPreferences.swift in Sources */,
				058312A9242C291900708195 /* AuthenticationType.swift in Sources */,
				053E78A82455472B00A8CF37 /* UserProfileConfiguratorViewController.swift in Sources */,
				050507F52431C54400CE58BC /* UserIdentification.swift in Sources */,
				F14233AD240CF77D000E8873 /* SceneDelegate.swift in Sources */,
				053E78A6245538B700A8CF37 /* WalkthroughPageViewController.swift in Sources */,
				0517AD5624244DD40049E48B /* GreetingViewController.swift in Sources */,
				05A370C42415AA33009A654E /* URL+.swift in Sources */,
				05B2E1E4240F2C5D009B0443 /* SuggestedRoutineCell.swift in Sources */,
				05CDEFD2241A294500C1822D /* CoreDataPersistance.swift in Sources */,
				05162666247E3C83002A4329 /* UserPlannerTableViewDelegate.swift in Sources */,
				0555BA9A245BA51100422BCD /* SettingsViewController.swift in Sources */,
				05B2E209240F955C009B0443 /* HomeViewController + UICollectionViewDataSource.swift in Sources */,
				0515518624501266001A72AA /* WalkthroughIcon.swift in Sources */,
				0516265E247B7A1D002A4329 /* UserInfoEntryViewDelegate.swift in Sources */,
				0515518524501266001A72AA /* WalkthroughIconView.swift in Sources */,
				05BBF751241503F200EF42E9 /* String+.swift in Sources */,
				05EB1B422424A6C900E7984B /* AuthenticationTypeSwitcherView.swift in Sources */,
				054B905F24627CF600E9BCD2 /* AccountInfoCell.swift in Sources */,
				05EB1B3E242473D400E7984B /* SignUpViewController.swift in Sources */,
				057E23C9244009DC004CAD01 /* SignUpValidator.swift in Sources */,
				F14233F624127500000E8873 /* UIColor+.swift in Sources */,
			);
			runOnlyForDeploymentPostprocessing = 0;
		};
		F14233B9240CF77F000E8873 /* Sources */ = {
			isa = PBXSourcesBuildPhase;
			buildActionMask = 2147483647;
			files = (
				F14233C2240CF77F000E8873 /* FitGoalTests.swift in Sources */,
			);
			runOnlyForDeploymentPostprocessing = 0;
		};
		F14233C4240CF77F000E8873 /* Sources */ = {
			isa = PBXSourcesBuildPhase;
			buildActionMask = 2147483647;
			files = (
				F14233CD240CF77F000E8873 /* FitGoalUITests.swift in Sources */,
			);
			runOnlyForDeploymentPostprocessing = 0;
		};
/* End PBXSourcesBuildPhase section */

/* Begin PBXTargetDependency section */
		F14233BF240CF77F000E8873 /* PBXTargetDependency */ = {
			isa = PBXTargetDependency;
			target = F14233A6240CF77D000E8873 /* FitGoal */;
			targetProxy = F14233BE240CF77F000E8873 /* PBXContainerItemProxy */;
		};
		F14233CA240CF77F000E8873 /* PBXTargetDependency */ = {
			isa = PBXTargetDependency;
			target = F14233A6240CF77D000E8873 /* FitGoal */;
			targetProxy = F14233C9240CF77F000E8873 /* PBXContainerItemProxy */;
		};
/* End PBXTargetDependency section */

/* Begin PBXVariantGroup section */
		F14233B0240CF77D000E8873 /* Main.storyboard */ = {
			isa = PBXVariantGroup;
			children = (
				F14233B1240CF77D000E8873 /* Base */,
			);
			name = Main.storyboard;
			sourceTree = "<group>";
		};
		F14233B5240CF77F000E8873 /* LaunchScreen.storyboard */ = {
			isa = PBXVariantGroup;
			children = (
				F14233B6240CF77F000E8873 /* Base */,
			);
			name = LaunchScreen.storyboard;
			sourceTree = "<group>";
		};
/* End PBXVariantGroup section */

/* Begin XCBuildConfiguration section */
		F14233CF240CF77F000E8873 /* Debug */ = {
			isa = XCBuildConfiguration;
			buildSettings = {
				ALWAYS_SEARCH_USER_PATHS = NO;
				CLANG_ANALYZER_NONNULL = YES;
				CLANG_ANALYZER_NUMBER_OBJECT_CONVERSION = YES_AGGRESSIVE;
				CLANG_CXX_LANGUAGE_STANDARD = "gnu++14";
				CLANG_CXX_LIBRARY = "libc++";
				CLANG_ENABLE_MODULES = YES;
				CLANG_ENABLE_OBJC_ARC = YES;
				CLANG_ENABLE_OBJC_WEAK = YES;
				CLANG_WARN_BLOCK_CAPTURE_AUTORELEASING = YES;
				CLANG_WARN_BOOL_CONVERSION = YES;
				CLANG_WARN_COMMA = YES;
				CLANG_WARN_CONSTANT_CONVERSION = YES;
				CLANG_WARN_DEPRECATED_OBJC_IMPLEMENTATIONS = YES;
				CLANG_WARN_DIRECT_OBJC_ISA_USAGE = YES_ERROR;
				CLANG_WARN_DOCUMENTATION_COMMENTS = YES;
				CLANG_WARN_EMPTY_BODY = YES;
				CLANG_WARN_ENUM_CONVERSION = YES;
				CLANG_WARN_INFINITE_RECURSION = YES;
				CLANG_WARN_INT_CONVERSION = YES;
				CLANG_WARN_NON_LITERAL_NULL_CONVERSION = YES;
				CLANG_WARN_OBJC_IMPLICIT_RETAIN_SELF = YES;
				CLANG_WARN_OBJC_LITERAL_CONVERSION = YES;
				CLANG_WARN_OBJC_ROOT_CLASS = YES_ERROR;
				CLANG_WARN_RANGE_LOOP_ANALYSIS = YES;
				CLANG_WARN_STRICT_PROTOTYPES = YES;
				CLANG_WARN_SUSPICIOUS_MOVE = YES;
				CLANG_WARN_UNGUARDED_AVAILABILITY = YES_AGGRESSIVE;
				CLANG_WARN_UNREACHABLE_CODE = YES;
				CLANG_WARN__DUPLICATE_METHOD_MATCH = YES;
				COPY_PHASE_STRIP = NO;
				DEBUG_INFORMATION_FORMAT = dwarf;
				ENABLE_STRICT_OBJC_MSGSEND = YES;
				ENABLE_TESTABILITY = YES;
				GCC_C_LANGUAGE_STANDARD = gnu11;
				GCC_DYNAMIC_NO_PIC = NO;
				GCC_NO_COMMON_BLOCKS = YES;
				GCC_OPTIMIZATION_LEVEL = 0;
				GCC_PREPROCESSOR_DEFINITIONS = (
					"DEBUG=1",
					"$(inherited)",
				);
				GCC_WARN_64_TO_32_BIT_CONVERSION = YES;
				GCC_WARN_ABOUT_RETURN_TYPE = YES_ERROR;
				GCC_WARN_UNDECLARED_SELECTOR = YES;
				GCC_WARN_UNINITIALIZED_AUTOS = YES_AGGRESSIVE;
				GCC_WARN_UNUSED_FUNCTION = YES;
				GCC_WARN_UNUSED_VARIABLE = YES;
				IPHONEOS_DEPLOYMENT_TARGET = 13.2;
				MTL_ENABLE_DEBUG_INFO = INCLUDE_SOURCE;
				MTL_FAST_MATH = YES;
				ONLY_ACTIVE_ARCH = YES;
				SDKROOT = iphoneos;
				SWIFT_ACTIVE_COMPILATION_CONDITIONS = DEBUG;
				SWIFT_OPTIMIZATION_LEVEL = "-Onone";
			};
			name = Debug;
		};
		F14233D0240CF77F000E8873 /* Release */ = {
			isa = XCBuildConfiguration;
			buildSettings = {
				ALWAYS_SEARCH_USER_PATHS = NO;
				CLANG_ANALYZER_NONNULL = YES;
				CLANG_ANALYZER_NUMBER_OBJECT_CONVERSION = YES_AGGRESSIVE;
				CLANG_CXX_LANGUAGE_STANDARD = "gnu++14";
				CLANG_CXX_LIBRARY = "libc++";
				CLANG_ENABLE_MODULES = YES;
				CLANG_ENABLE_OBJC_ARC = YES;
				CLANG_ENABLE_OBJC_WEAK = YES;
				CLANG_WARN_BLOCK_CAPTURE_AUTORELEASING = YES;
				CLANG_WARN_BOOL_CONVERSION = YES;
				CLANG_WARN_COMMA = YES;
				CLANG_WARN_CONSTANT_CONVERSION = YES;
				CLANG_WARN_DEPRECATED_OBJC_IMPLEMENTATIONS = YES;
				CLANG_WARN_DIRECT_OBJC_ISA_USAGE = YES_ERROR;
				CLANG_WARN_DOCUMENTATION_COMMENTS = YES;
				CLANG_WARN_EMPTY_BODY = YES;
				CLANG_WARN_ENUM_CONVERSION = YES;
				CLANG_WARN_INFINITE_RECURSION = YES;
				CLANG_WARN_INT_CONVERSION = YES;
				CLANG_WARN_NON_LITERAL_NULL_CONVERSION = YES;
				CLANG_WARN_OBJC_IMPLICIT_RETAIN_SELF = YES;
				CLANG_WARN_OBJC_LITERAL_CONVERSION = YES;
				CLANG_WARN_OBJC_ROOT_CLASS = YES_ERROR;
				CLANG_WARN_RANGE_LOOP_ANALYSIS = YES;
				CLANG_WARN_STRICT_PROTOTYPES = YES;
				CLANG_WARN_SUSPICIOUS_MOVE = YES;
				CLANG_WARN_UNGUARDED_AVAILABILITY = YES_AGGRESSIVE;
				CLANG_WARN_UNREACHABLE_CODE = YES;
				CLANG_WARN__DUPLICATE_METHOD_MATCH = YES;
				COPY_PHASE_STRIP = NO;
				DEBUG_INFORMATION_FORMAT = "dwarf-with-dsym";
				ENABLE_NS_ASSERTIONS = NO;
				ENABLE_STRICT_OBJC_MSGSEND = YES;
				GCC_C_LANGUAGE_STANDARD = gnu11;
				GCC_NO_COMMON_BLOCKS = YES;
				GCC_WARN_64_TO_32_BIT_CONVERSION = YES;
				GCC_WARN_ABOUT_RETURN_TYPE = YES_ERROR;
				GCC_WARN_UNDECLARED_SELECTOR = YES;
				GCC_WARN_UNINITIALIZED_AUTOS = YES_AGGRESSIVE;
				GCC_WARN_UNUSED_FUNCTION = YES;
				GCC_WARN_UNUSED_VARIABLE = YES;
				IPHONEOS_DEPLOYMENT_TARGET = 13.2;
				MTL_ENABLE_DEBUG_INFO = NO;
				MTL_FAST_MATH = YES;
				SDKROOT = iphoneos;
				SWIFT_COMPILATION_MODE = wholemodule;
				SWIFT_OPTIMIZATION_LEVEL = "-O";
				VALIDATE_PRODUCT = YES;
			};
			name = Release;
		};
		F14233D2240CF77F000E8873 /* Debug */ = {
			isa = XCBuildConfiguration;
			baseConfigurationReference = 6498C1122412C9CA50CDACC3 /* Pods-FitGoal.debug.xcconfig */;
			buildSettings = {
				ASSETCATALOG_COMPILER_APPICON_NAME = AppIcon;
				CODE_SIGN_STYLE = Automatic;
				DEVELOPMENT_TEAM = 8L88PNR4B2;
				INFOPLIST_FILE = FitGoal/Info.plist;
				LD_RUNPATH_SEARCH_PATHS = (
					"$(inherited)",
					"@executable_path/Frameworks",
				);
				PRODUCT_BUNDLE_IDENTIFIER = com.ebarrera.FitGoal;
				PRODUCT_NAME = "$(TARGET_NAME)";
				SWIFT_VERSION = 5.0;
				TARGETED_DEVICE_FAMILY = "1,2";
			};
			name = Debug;
		};
		F14233D3240CF77F000E8873 /* Release */ = {
			isa = XCBuildConfiguration;
			baseConfigurationReference = 4EE093ADD58E1D7923CE8C65 /* Pods-FitGoal.release.xcconfig */;
			buildSettings = {
				ASSETCATALOG_COMPILER_APPICON_NAME = AppIcon;
				CODE_SIGN_STYLE = Automatic;
				DEVELOPMENT_TEAM = 8L88PNR4B2;
				INFOPLIST_FILE = FitGoal/Info.plist;
				LD_RUNPATH_SEARCH_PATHS = (
					"$(inherited)",
					"@executable_path/Frameworks",
				);
				PRODUCT_BUNDLE_IDENTIFIER = com.ebarrera.FitGoal;
				PRODUCT_NAME = "$(TARGET_NAME)";
				SWIFT_VERSION = 5.0;
				TARGETED_DEVICE_FAMILY = "1,2";
			};
			name = Release;
		};
		F14233D5240CF77F000E8873 /* Debug */ = {
			isa = XCBuildConfiguration;
			baseConfigurationReference = 4F50A60850CCD7C728954905 /* Pods-FitGoalTests.debug.xcconfig */;
			buildSettings = {
				ALWAYS_EMBED_SWIFT_STANDARD_LIBRARIES = YES;
				BUNDLE_LOADER = "$(TEST_HOST)";
				CODE_SIGN_STYLE = Automatic;
				INFOPLIST_FILE = FitGoalTests/Info.plist;
				IPHONEOS_DEPLOYMENT_TARGET = 13.2;
				LD_RUNPATH_SEARCH_PATHS = (
					"$(inherited)",
					"@executable_path/Frameworks",
					"@loader_path/Frameworks",
				);
				PRODUCT_BUNDLE_IDENTIFIER = com.ebarrera.FitGoalTests;
				PRODUCT_NAME = "$(TARGET_NAME)";
				SWIFT_VERSION = 5.0;
				TARGETED_DEVICE_FAMILY = "1,2";
				TEST_HOST = "$(BUILT_PRODUCTS_DIR)/FitGoal.app/FitGoal";
			};
			name = Debug;
		};
		F14233D6240CF77F000E8873 /* Release */ = {
			isa = XCBuildConfiguration;
			baseConfigurationReference = A3C60E7E7DDEA809FA5B6CB5 /* Pods-FitGoalTests.release.xcconfig */;
			buildSettings = {
				ALWAYS_EMBED_SWIFT_STANDARD_LIBRARIES = YES;
				BUNDLE_LOADER = "$(TEST_HOST)";
				CODE_SIGN_STYLE = Automatic;
				INFOPLIST_FILE = FitGoalTests/Info.plist;
				IPHONEOS_DEPLOYMENT_TARGET = 13.2;
				LD_RUNPATH_SEARCH_PATHS = (
					"$(inherited)",
					"@executable_path/Frameworks",
					"@loader_path/Frameworks",
				);
				PRODUCT_BUNDLE_IDENTIFIER = com.ebarrera.FitGoalTests;
				PRODUCT_NAME = "$(TARGET_NAME)";
				SWIFT_VERSION = 5.0;
				TARGETED_DEVICE_FAMILY = "1,2";
				TEST_HOST = "$(BUILT_PRODUCTS_DIR)/FitGoal.app/FitGoal";
			};
			name = Release;
		};
		F14233D8240CF77F000E8873 /* Debug */ = {
			isa = XCBuildConfiguration;
			baseConfigurationReference = BC7BD3B8DDDF0F82610ADD03 /* Pods-FitGoalUITests.debug.xcconfig */;
			buildSettings = {
				ALWAYS_EMBED_SWIFT_STANDARD_LIBRARIES = YES;
				CODE_SIGN_STYLE = Automatic;
				INFOPLIST_FILE = FitGoalUITests/Info.plist;
				LD_RUNPATH_SEARCH_PATHS = (
					"$(inherited)",
					"@executable_path/Frameworks",
					"@loader_path/Frameworks",
				);
				PRODUCT_BUNDLE_IDENTIFIER = com.ebarrera.FitGoalUITests;
				PRODUCT_NAME = "$(TARGET_NAME)";
				SWIFT_VERSION = 5.0;
				TARGETED_DEVICE_FAMILY = "1,2";
				TEST_TARGET_NAME = FitGoal;
			};
			name = Debug;
		};
		F14233D9240CF77F000E8873 /* Release */ = {
			isa = XCBuildConfiguration;
			baseConfigurationReference = 85201255F1A0F7F96AEF2313 /* Pods-FitGoalUITests.release.xcconfig */;
			buildSettings = {
				ALWAYS_EMBED_SWIFT_STANDARD_LIBRARIES = YES;
				CODE_SIGN_STYLE = Automatic;
				INFOPLIST_FILE = FitGoalUITests/Info.plist;
				LD_RUNPATH_SEARCH_PATHS = (
					"$(inherited)",
					"@executable_path/Frameworks",
					"@loader_path/Frameworks",
				);
				PRODUCT_BUNDLE_IDENTIFIER = com.ebarrera.FitGoalUITests;
				PRODUCT_NAME = "$(TARGET_NAME)";
				SWIFT_VERSION = 5.0;
				TARGETED_DEVICE_FAMILY = "1,2";
				TEST_TARGET_NAME = FitGoal;
			};
			name = Release;
		};
/* End XCBuildConfiguration section */

/* Begin XCConfigurationList section */
		F14233A2240CF77D000E8873 /* Build configuration list for PBXProject "FitGoal" */ = {
			isa = XCConfigurationList;
			buildConfigurations = (
				F14233CF240CF77F000E8873 /* Debug */,
				F14233D0240CF77F000E8873 /* Release */,
			);
			defaultConfigurationIsVisible = 0;
			defaultConfigurationName = Release;
		};
		F14233D1240CF77F000E8873 /* Build configuration list for PBXNativeTarget "FitGoal" */ = {
			isa = XCConfigurationList;
			buildConfigurations = (
				F14233D2240CF77F000E8873 /* Debug */,
				F14233D3240CF77F000E8873 /* Release */,
			);
			defaultConfigurationIsVisible = 0;
			defaultConfigurationName = Release;
		};
		F14233D4240CF77F000E8873 /* Build configuration list for PBXNativeTarget "FitGoalTests" */ = {
			isa = XCConfigurationList;
			buildConfigurations = (
				F14233D5240CF77F000E8873 /* Debug */,
				F14233D6240CF77F000E8873 /* Release */,
			);
			defaultConfigurationIsVisible = 0;
			defaultConfigurationName = Release;
		};
		F14233D7240CF77F000E8873 /* Build configuration list for PBXNativeTarget "FitGoalUITests" */ = {
			isa = XCConfigurationList;
			buildConfigurations = (
				F14233D8240CF77F000E8873 /* Debug */,
				F14233D9240CF77F000E8873 /* Release */,
			);
			defaultConfigurationIsVisible = 0;
			defaultConfigurationName = Release;
		};
/* End XCConfigurationList section */

/* Begin XCVersionGroup section */
		0517AD4B242426FC0049E48B /* FitGoal.xcdatamodeld */ = {
			isa = XCVersionGroup;
			children = (
				0517AD4C242426FC0049E48B /* FitGoal.xcdatamodel */,
			);
			currentVersion = 0517AD4C242426FC0049E48B /* FitGoal.xcdatamodel */;
			path = FitGoal.xcdatamodeld;
			sourceTree = "<group>";
			versionGroupType = wrapper.xcdatamodel;
		};
/* End XCVersionGroup section */
	};
	rootObject = F142339F240CF77D000E8873 /* Project object */;
}
