// !$*UTF8*$!
{
	archiveVersion = 1;
	classes = {
	};
	objectVersion = 50;
	objects = {

/* Begin PBXBuildFile section */
		05012CA1240D21EC0065E560 /* Oswald-Medium.ttf in Resources */ = {isa = PBXBuildFile; fileRef = 05012C9D240D1FCE0065E560 /* Oswald-Medium.ttf */; };
		05012CA2240D21EE0065E560 /* Roboto-Bold.ttf in Resources */ = {isa = PBXBuildFile; fileRef = 05012C9F240D1FD70065E560 /* Roboto-Bold.ttf */; };
		05012CA3240D21F00065E560 /* Roboto-Light.ttf in Resources */ = {isa = PBXBuildFile; fileRef = 05012CA0240D1FD70065E560 /* Roboto-Light.ttf */; };
		05012CA4240D21F30065E560 /* Roboto-Regular.ttf in Resources */ = {isa = PBXBuildFile; fileRef = 05012C9E240D1FD70065E560 /* Roboto-Regular.ttf */; };
		050DC1272411FED9009BF1E5 /* RoutineSectionHeader.swift in Sources */ = {isa = PBXBuildFile; fileRef = 050DC1262411FED9009BF1E5 /* RoutineSectionHeader.swift */; };
		0546E2DC24151090004A0F65 /* RoutineInspectorCell.swift in Sources */ = {isa = PBXBuildFile; fileRef = 0546E2DB24151090004A0F65 /* RoutineInspectorCell.swift */; };
		0546E2DE241511CF004A0F65 /* ExerciseCell.swift in Sources */ = {isa = PBXBuildFile; fileRef = 0546E2DD241511CF004A0F65 /* ExerciseCell.swift */; };
		0546E2E02415134C004A0F65 /* Exersice.swift in Sources */ = {isa = PBXBuildFile; fileRef = 0546E2DF2415134C004A0F65 /* Exersice.swift */; };
		05A370C42415AA33009A654E /* URL+.swift in Sources */ = {isa = PBXBuildFile; fileRef = 05A370C32415AA33009A654E /* URL+.swift */; };
		05B2E1E2240F28EB009B0443 /* Routine.swift in Sources */ = {isa = PBXBuildFile; fileRef = 05B2E1E1240F28EB009B0443 /* Routine.swift */; };
		05B2E1E4240F2C5D009B0443 /* SuggestedRoutineCell.swift in Sources */ = {isa = PBXBuildFile; fileRef = 05B2E1E3240F2C5D009B0443 /* SuggestedRoutineCell.swift */; };
		05B2E209240F955C009B0443 /* HomeViewController + UICollectionViewDataSource.swift in Sources */ = {isa = PBXBuildFile; fileRef = 05B2E208240F955C009B0443 /* HomeViewController + UICollectionViewDataSource.swift */; };
		05B2E20B240F95AF009B0443 /* HomeViewController + UICollectionViewDelegateFlowLayout.swift in Sources */ = {isa = PBXBuildFile; fileRef = 05B2E20A240F95AF009B0443 /* HomeViewController + UICollectionViewDelegateFlowLayout.swift */; };
		05BBF74F2414B5B700EF42E9 /* GoalTrakerCell.swift in Sources */ = {isa = PBXBuildFile; fileRef = 05BBF74E2414B5B700EF42E9 /* GoalTrakerCell.swift */; };
		05BBF751241503F200EF42E9 /* String+.swift in Sources */ = {isa = PBXBuildFile; fileRef = 05BBF750241503F100EF42E9 /* String+.swift */; };
		05CDE5082421FCE9000AF5EE /* DetailViewController.swift in Sources */ = {isa = PBXBuildFile; fileRef = 05CDE5072421FCE9000AF5EE /* DetailViewController.swift */; };
		05CDEFA52418CFE600C1822D /* FitGoal.xcdatamodeld in Sources */ = {isa = PBXBuildFile; fileRef = 05CDEFA32418CFE600C1822D /* FitGoal.xcdatamodeld */; };
		05CDEFAC2418D28100C1822D /* ExerciseMO+CoreDataClass.swift in Sources */ = {isa = PBXBuildFile; fileRef = 05CDEFAA2418D28100C1822D /* ExerciseMO+CoreDataClass.swift */; };
		05CDEFD2241A294500C1822D /* CoreDataPersistance.swift in Sources */ = {isa = PBXBuildFile; fileRef = 05CDEFD1241A294500C1822D /* CoreDataPersistance.swift */; };
		05CDEFD4241A319D00C1822D /* RoutineStateInspector.swift in Sources */ = {isa = PBXBuildFile; fileRef = 05CDEFD3241A319D00C1822D /* RoutineStateInspector.swift */; };
		05CDEFD6241B3DFF00C1822D /* GradientView.swift in Sources */ = {isa = PBXBuildFile; fileRef = 05CDEFD5241B3DFF00C1822D /* GradientView.swift */; };
		F14233AB240CF77D000E8873 /* AppDelegate.swift in Sources */ = {isa = PBXBuildFile; fileRef = F14233AA240CF77D000E8873 /* AppDelegate.swift */; };
		F14233AD240CF77D000E8873 /* SceneDelegate.swift in Sources */ = {isa = PBXBuildFile; fileRef = F14233AC240CF77D000E8873 /* SceneDelegate.swift */; };
		F14233AF240CF77D000E8873 /* HomeViewController.swift in Sources */ = {isa = PBXBuildFile; fileRef = F14233AE240CF77D000E8873 /* HomeViewController.swift */; };
		F14233B2240CF77D000E8873 /* Main.storyboard in Resources */ = {isa = PBXBuildFile; fileRef = F14233B0240CF77D000E8873 /* Main.storyboard */; };
		F14233B4240CF77F000E8873 /* Assets.xcassets in Resources */ = {isa = PBXBuildFile; fileRef = F14233B3240CF77F000E8873 /* Assets.xcassets */; };
		F14233B7240CF77F000E8873 /* LaunchScreen.storyboard in Resources */ = {isa = PBXBuildFile; fileRef = F14233B5240CF77F000E8873 /* LaunchScreen.storyboard */; };
		F14233C2240CF77F000E8873 /* FitGoalTests.swift in Sources */ = {isa = PBXBuildFile; fileRef = F14233C1240CF77F000E8873 /* FitGoalTests.swift */; };
		F14233CD240CF77F000E8873 /* FitGoalUITests.swift in Sources */ = {isa = PBXBuildFile; fileRef = F14233CC240CF77F000E8873 /* FitGoalUITests.swift */; };
		F14233F624127500000E8873 /* UIColor+.swift in Sources */ = {isa = PBXBuildFile; fileRef = F14233F524127500000E8873 /* UIColor+.swift */; };
/* End PBXBuildFile section */

/* Begin PBXContainerItemProxy section */
		F14233BE240CF77F000E8873 /* PBXContainerItemProxy */ = {
			isa = PBXContainerItemProxy;
			containerPortal = F142339F240CF77D000E8873 /* Project object */;
			proxyType = 1;
			remoteGlobalIDString = F14233A6240CF77D000E8873;
			remoteInfo = FitGoal;
		};
		F14233C9240CF77F000E8873 /* PBXContainerItemProxy */ = {
			isa = PBXContainerItemProxy;
			containerPortal = F142339F240CF77D000E8873 /* Project object */;
			proxyType = 1;
			remoteGlobalIDString = F14233A6240CF77D000E8873;
			remoteInfo = FitGoal;
		};
/* End PBXContainerItemProxy section */

/* Begin PBXFileReference section */
		05012C9D240D1FCE0065E560 /* Oswald-Medium.ttf */ = {isa = PBXFileReference; lastKnownFileType = file; path = "Oswald-Medium.ttf"; sourceTree = "<group>"; };
		05012C9E240D1FD70065E560 /* Roboto-Regular.ttf */ = {isa = PBXFileReference; lastKnownFileType = file; path = "Roboto-Regular.ttf"; sourceTree = "<group>"; };
		05012C9F240D1FD70065E560 /* Roboto-Bold.ttf */ = {isa = PBXFileReference; lastKnownFileType = file; path = "Roboto-Bold.ttf"; sourceTree = "<group>"; };
		05012CA0240D1FD70065E560 /* Roboto-Light.ttf */ = {isa = PBXFileReference; lastKnownFileType = file; path = "Roboto-Light.ttf"; sourceTree = "<group>"; };
		050DC1262411FED9009BF1E5 /* RoutineSectionHeader.swift */ = {isa = PBXFileReference; lastKnownFileType = sourcecode.swift; path = RoutineSectionHeader.swift; sourceTree = "<group>"; };
		0546E2DB24151090004A0F65 /* RoutineInspectorCell.swift */ = {isa = PBXFileReference; lastKnownFileType = sourcecode.swift; path = RoutineInspectorCell.swift; sourceTree = "<group>"; };
		0546E2DD241511CF004A0F65 /* ExerciseCell.swift */ = {isa = PBXFileReference; lastKnownFileType = sourcecode.swift; path = ExerciseCell.swift; sourceTree = "<group>"; };
		0546E2DF2415134C004A0F65 /* Exersice.swift */ = {isa = PBXFileReference; lastKnownFileType = sourcecode.swift; path = Exersice.swift; sourceTree = "<group>"; };
		05A370C32415AA33009A654E /* URL+.swift */ = {isa = PBXFileReference; lastKnownFileType = sourcecode.swift; path = "URL+.swift"; sourceTree = "<group>"; };
		05B2E1E1240F28EB009B0443 /* Routine.swift */ = {isa = PBXFileReference; lastKnownFileType = sourcecode.swift; path = Routine.swift; sourceTree = "<group>"; };
		05B2E1E3240F2C5D009B0443 /* SuggestedRoutineCell.swift */ = {isa = PBXFileReference; lastKnownFileType = sourcecode.swift; path = SuggestedRoutineCell.swift; sourceTree = "<group>"; };
		05B2E208240F955C009B0443 /* HomeViewController + UICollectionViewDataSource.swift */ = {isa = PBXFileReference; lastKnownFileType = sourcecode.swift; path = "HomeViewController + UICollectionViewDataSource.swift"; sourceTree = "<group>"; };
		05B2E20A240F95AF009B0443 /* HomeViewController + UICollectionViewDelegateFlowLayout.swift */ = {isa = PBXFileReference; lastKnownFileType = sourcecode.swift; path = "HomeViewController + UICollectionViewDelegateFlowLayout.swift"; sourceTree = "<group>"; };
		05BBF74E2414B5B700EF42E9 /* GoalTrakerCell.swift */ = {isa = PBXFileReference; lastKnownFileType = sourcecode.swift; path = GoalTrakerCell.swift; sourceTree = "<group>"; };
		05BBF750241503F100EF42E9 /* String+.swift */ = {isa = PBXFileReference; lastKnownFileType = sourcecode.swift; path = "String+.swift"; sourceTree = "<group>"; };
		05CDE5072421FCE9000AF5EE /* DetailViewController.swift */ = {isa = PBXFileReference; lastKnownFileType = sourcecode.swift; path = DetailViewController.swift; sourceTree = "<group>"; };
		05CDEFA42418CFE600C1822D /* FitGoal.xcdatamodel */ = {isa = PBXFileReference; lastKnownFileType = wrapper.xcdatamodel; path = FitGoal.xcdatamodel; sourceTree = "<group>"; };
		05CDEFAA2418D28100C1822D /* ExerciseMO+CoreDataClass.swift */ = {isa = PBXFileReference; lastKnownFileType = sourcecode.swift; path = "ExerciseMO+CoreDataClass.swift"; sourceTree = "<group>"; };
		05CDEFD1241A294500C1822D /* CoreDataPersistance.swift */ = {isa = PBXFileReference; lastKnownFileType = sourcecode.swift; path = CoreDataPersistance.swift; sourceTree = "<group>"; };
		05CDEFD3241A319D00C1822D /* RoutineStateInspector.swift */ = {isa = PBXFileReference; lastKnownFileType = sourcecode.swift; path = RoutineStateInspector.swift; sourceTree = "<group>"; };
		05CDEFD5241B3DFF00C1822D /* GradientView.swift */ = {isa = PBXFileReference; lastKnownFileType = sourcecode.swift; path = GradientView.swift; sourceTree = "<group>"; };
		F14233A7240CF77D000E8873 /* FitGoal.app */ = {isa = PBXFileReference; explicitFileType = wrapper.application; includeInIndex = 0; path = FitGoal.app; sourceTree = BUILT_PRODUCTS_DIR; };
		F14233AA240CF77D000E8873 /* AppDelegate.swift */ = {isa = PBXFileReference; lastKnownFileType = sourcecode.swift; path = AppDelegate.swift; sourceTree = "<group>"; };
		F14233AC240CF77D000E8873 /* SceneDelegate.swift */ = {isa = PBXFileReference; lastKnownFileType = sourcecode.swift; path = SceneDelegate.swift; sourceTree = "<group>"; };
		F14233AE240CF77D000E8873 /* HomeViewController.swift */ = {isa = PBXFileReference; lastKnownFileType = sourcecode.swift; path = HomeViewController.swift; sourceTree = "<group>"; };
		F14233B1240CF77D000E8873 /* Base */ = {isa = PBXFileReference; lastKnownFileType = file.storyboard; name = Base; path = Base.lproj/Main.storyboard; sourceTree = "<group>"; };
		F14233B3240CF77F000E8873 /* Assets.xcassets */ = {isa = PBXFileReference; lastKnownFileType = folder.assetcatalog; path = Assets.xcassets; sourceTree = "<group>"; };
		F14233B6240CF77F000E8873 /* Base */ = {isa = PBXFileReference; lastKnownFileType = file.storyboard; name = Base; path = Base.lproj/LaunchScreen.storyboard; sourceTree = "<group>"; };
		F14233B8240CF77F000E8873 /* Info.plist */ = {isa = PBXFileReference; lastKnownFileType = text.plist.xml; path = Info.plist; sourceTree = "<group>"; };
		F14233BD240CF77F000E8873 /* FitGoalTests.xctest */ = {isa = PBXFileReference; explicitFileType = wrapper.cfbundle; includeInIndex = 0; path = FitGoalTests.xctest; sourceTree = BUILT_PRODUCTS_DIR; };
		F14233C1240CF77F000E8873 /* FitGoalTests.swift */ = {isa = PBXFileReference; lastKnownFileType = sourcecode.swift; path = FitGoalTests.swift; sourceTree = "<group>"; };
		F14233C3240CF77F000E8873 /* Info.plist */ = {isa = PBXFileReference; lastKnownFileType = text.plist.xml; path = Info.plist; sourceTree = "<group>"; };
		F14233C8240CF77F000E8873 /* FitGoalUITests.xctest */ = {isa = PBXFileReference; explicitFileType = wrapper.cfbundle; includeInIndex = 0; path = FitGoalUITests.xctest; sourceTree = BUILT_PRODUCTS_DIR; };
		F14233CC240CF77F000E8873 /* FitGoalUITests.swift */ = {isa = PBXFileReference; lastKnownFileType = sourcecode.swift; path = FitGoalUITests.swift; sourceTree = "<group>"; };
		F14233CE240CF77F000E8873 /* Info.plist */ = {isa = PBXFileReference; lastKnownFileType = text.plist.xml; path = Info.plist; sourceTree = "<group>"; };
		F14233F524127500000E8873 /* UIColor+.swift */ = {isa = PBXFileReference; lastKnownFileType = sourcecode.swift; path = "UIColor+.swift"; sourceTree = "<group>"; };
/* End PBXFileReference section */

/* Begin PBXFrameworksBuildPhase section */
		F14233A4240CF77D000E8873 /* Frameworks */ = {
			isa = PBXFrameworksBuildPhase;
			buildActionMask = 2147483647;
			files = (
			);
			runOnlyForDeploymentPostprocessing = 0;
		};
		F14233BA240CF77F000E8873 /* Frameworks */ = {
			isa = PBXFrameworksBuildPhase;
			buildActionMask = 2147483647;
			files = (
			);
			runOnlyForDeploymentPostprocessing = 0;
		};
		F14233C5240CF77F000E8873 /* Frameworks */ = {
			isa = PBXFrameworksBuildPhase;
			buildActionMask = 2147483647;
			files = (
			);
			runOnlyForDeploymentPostprocessing = 0;
		};
/* End PBXFrameworksBuildPhase section */

/* Begin PBXGroup section */
		05012C89240D1C940065E560 /* fonts */ = {
			isa = PBXGroup;
			children = (
				05012C9D240D1FCE0065E560 /* Oswald-Medium.ttf */,
				05012C9F240D1FD70065E560 /* Roboto-Bold.ttf */,
				05012CA0240D1FD70065E560 /* Roboto-Light.ttf */,
				05012C9E240D1FD70065E560 /* Roboto-Regular.ttf */,
			);
			path = fonts;
			sourceTree = "<group>";
		};
		056A49B7241F287A00707791 /* CoreData */ = {
			isa = PBXGroup;
			children = (
				05CDEFAA2418D28100C1822D /* ExerciseMO+CoreDataClass.swift */,
				05CDEFA32418CFE600C1822D /* FitGoal.xcdatamodeld */,
				05CDEFD1241A294500C1822D /* CoreDataPersistance.swift */,
			);
			path = CoreData;
			sourceTree = "<group>";
		};
		056A49B8241F288A00707791 /* Utilities */ = {
			isa = PBXGroup;
			children = (
				05CDEFD5241B3DFF00C1822D /* GradientView.swift */,
				F14233F524127500000E8873 /* UIColor+.swift */,
				05BBF750241503F100EF42E9 /* String+.swift */,
				05A370C32415AA33009A654E /* URL+.swift */,
			);
			path = Utilities;
			sourceTree = "<group>";
		};
		056A49B9241F28BB00707791 /* HomeViewController */ = {
			isa = PBXGroup;
			children = (
				F14233AE240CF77D000E8873 /* HomeViewController.swift */,
				05B2E20A240F95AF009B0443 /* HomeViewController + UICollectionViewDelegateFlowLayout.swift */,
				05B2E208240F955C009B0443 /* HomeViewController + UICollectionViewDataSource.swift */,
				056A49BA241F28F800707791 /* CollectionViewSectionsAndHeaders */,
			);
			path = HomeViewController;
			sourceTree = "<group>";
		};
		056A49BA241F28F800707791 /* CollectionViewSectionsAndHeaders */ = {
			isa = PBXGroup;
			children = (
				050DC1262411FED9009BF1E5 /* RoutineSectionHeader.swift */,
				05B2E1E3240F2C5D009B0443 /* SuggestedRoutineCell.swift */,
				05BBF74E2414B5B700EF42E9 /* GoalTrakerCell.swift */,
				0546E2DB24151090004A0F65 /* RoutineInspectorCell.swift */,
				056A49BB241F29A900707791 /* RoutineInspectorCollectionViewCell */,
			);
			path = CollectionViewSectionsAndHeaders;
			sourceTree = "<group>";
		};
		056A49BB241F29A900707791 /* RoutineInspectorCollectionViewCell */ = {
			isa = PBXGroup;
			children = (
				0546E2DD241511CF004A0F65 /* ExerciseCell.swift */,
			);
			name = RoutineInspectorCollectionViewCell;
			sourceTree = "<group>";
		};
		056A49BC241F29F300707791 /* Model */ = {
			isa = PBXGroup;
			children = (
				05B2E1E1240F28EB009B0443 /* Routine.swift */,
				0546E2DF2415134C004A0F65 /* Exersice.swift */,
			);
			path = Model;
			sourceTree = "<group>";
		};
		056A49BD241F2A2B00707791 /* ExerciseDetailViewController */ = {
			isa = PBXGroup;
			children = (
				05CDE5072421FCE9000AF5EE /* DetailViewController.swift */,
			);
			path = ExerciseDetailViewController;
			sourceTree = "<group>";
		};
		056A49BE241F2A6300707791 /* SupportFiles */ = {
			isa = PBXGroup;
			children = (
				F14233B0240CF77D000E8873 /* Main.storyboard */,
				F14233B3240CF77F000E8873 /* Assets.xcassets */,
				F14233B5240CF77F000E8873 /* LaunchScreen.storyboard */,
				05012C89240D1C940065E560 /* fonts */,
			);
			path = SupportFiles;
			sourceTree = "<group>";
		};
		F142339E240CF77D000E8873 = {
			isa = PBXGroup;
			children = (
				F14233A9240CF77D000E8873 /* FitGoal */,
				F14233C0240CF77F000E8873 /* FitGoalTests */,
				F14233CB240CF77F000E8873 /* FitGoalUITests */,
				F14233A8240CF77D000E8873 /* Products */,
			);
			sourceTree = "<group>";
		};
		F14233A8240CF77D000E8873 /* Products */ = {
			isa = PBXGroup;
			children = (
				F14233A7240CF77D000E8873 /* FitGoal.app */,
				F14233BD240CF77F000E8873 /* FitGoalTests.xctest */,
				F14233C8240CF77F000E8873 /* FitGoalUITests.xctest */,
			);
			name = Products;
			sourceTree = "<group>";
		};
		F14233A9240CF77D000E8873 /* FitGoal */ = {
			isa = PBXGroup;
			children = (
				F14233B8240CF77F000E8873 /* Info.plist */,
				F14233AA240CF77D000E8873 /* AppDelegate.swift */,
				F14233AC240CF77D000E8873 /* SceneDelegate.swift */,
				05CDEFD3241A319D00C1822D /* RoutineStateInspector.swift */,
				056A49BE241F2A6300707791 /* SupportFiles */,
				056A49B7241F287A00707791 /* CoreData */,
				056A49B8241F288A00707791 /* Utilities */,
				056A49B9241F28BB00707791 /* HomeViewController */,
				056A49BC241F29F300707791 /* Model */,
				056A49BD241F2A2B00707791 /* ExerciseDetailViewController */,
			);
			path = FitGoal;
			sourceTree = "<group>";
		};
		F14233C0240CF77F000E8873 /* FitGoalTests */ = {
			isa = PBXGroup;
			children = (
				F14233C1240CF77F000E8873 /* FitGoalTests.swift */,
				F14233C3240CF77F000E8873 /* Info.plist */,
			);
			path = FitGoalTests;
			sourceTree = "<group>";
		};
		F14233CB240CF77F000E8873 /* FitGoalUITests */ = {
			isa = PBXGroup;
			children = (
				F14233CC240CF77F000E8873 /* FitGoalUITests.swift */,
				F14233CE240CF77F000E8873 /* Info.plist */,
			);
			path = FitGoalUITests;
			sourceTree = "<group>";
		};
/* End PBXGroup section */

/* Begin PBXNativeTarget section */
		F14233A6240CF77D000E8873 /* FitGoal */ = {
			isa = PBXNativeTarget;
			buildConfigurationList = F14233D1240CF77F000E8873 /* Build configuration list for PBXNativeTarget "FitGoal" */;
			buildPhases = (
				F14233A3240CF77D000E8873 /* Sources */,
				F14233A4240CF77D000E8873 /* Frameworks */,
				F14233A5240CF77D000E8873 /* Resources */,
			);
			buildRules = (
			);
			dependencies = (
			);
			name = FitGoal;
			productName = FitGoal;
			productReference = F14233A7240CF77D000E8873 /* FitGoal.app */;
			productType = "com.apple.product-type.application";
		};
		F14233BC240CF77F000E8873 /* FitGoalTests */ = {
			isa = PBXNativeTarget;
			buildConfigurationList = F14233D4240CF77F000E8873 /* Build configuration list for PBXNativeTarget "FitGoalTests" */;
			buildPhases = (
				F14233B9240CF77F000E8873 /* Sources */,
				F14233BA240CF77F000E8873 /* Frameworks */,
				F14233BB240CF77F000E8873 /* Resources */,
			);
			buildRules = (
			);
			dependencies = (
				F14233BF240CF77F000E8873 /* PBXTargetDependency */,
			);
			name = FitGoalTests;
			productName = FitGoalTests;
			productReference = F14233BD240CF77F000E8873 /* FitGoalTests.xctest */;
			productType = "com.apple.product-type.bundle.unit-test";
		};
		F14233C7240CF77F000E8873 /* FitGoalUITests */ = {
			isa = PBXNativeTarget;
			buildConfigurationList = F14233D7240CF77F000E8873 /* Build configuration list for PBXNativeTarget "FitGoalUITests" */;
			buildPhases = (
				F14233C4240CF77F000E8873 /* Sources */,
				F14233C5240CF77F000E8873 /* Frameworks */,
				F14233C6240CF77F000E8873 /* Resources */,
			);
			buildRules = (
			);
			dependencies = (
				F14233CA240CF77F000E8873 /* PBXTargetDependency */,
			);
			name = FitGoalUITests;
			productName = FitGoalUITests;
			productReference = F14233C8240CF77F000E8873 /* FitGoalUITests.xctest */;
			productType = "com.apple.product-type.bundle.ui-testing";
		};
/* End PBXNativeTarget section */

/* Begin PBXProject section */
		F142339F240CF77D000E8873 /* Project object */ = {
			isa = PBXProject;
			attributes = {
				LastSwiftUpdateCheck = 1130;
				LastUpgradeCheck = 1130;
				ORGANIZATIONNAME = "Eliany Barrera";
				TargetAttributes = {
					F14233A6240CF77D000E8873 = {
						CreatedOnToolsVersion = 11.3.1;
					};
					F14233BC240CF77F000E8873 = {
						CreatedOnToolsVersion = 11.3.1;
						TestTargetID = F14233A6240CF77D000E8873;
					};
					F14233C7240CF77F000E8873 = {
						CreatedOnToolsVersion = 11.3.1;
						TestTargetID = F14233A6240CF77D000E8873;
					};
				};
			};
			buildConfigurationList = F14233A2240CF77D000E8873 /* Build configuration list for PBXProject "FitGoal" */;
			compatibilityVersion = "Xcode 9.3";
			developmentRegion = en;
			hasScannedForEncodings = 0;
			knownRegions = (
				en,
				Base,
			);
			mainGroup = F142339E240CF77D000E8873;
			productRefGroup = F14233A8240CF77D000E8873 /* Products */;
			projectDirPath = "";
			projectRoot = "";
			targets = (
				F14233A6240CF77D000E8873 /* FitGoal */,
				F14233BC240CF77F000E8873 /* FitGoalTests */,
				F14233C7240CF77F000E8873 /* FitGoalUITests */,
			);
		};
/* End PBXProject section */

/* Begin PBXResourcesBuildPhase section */
		F14233A5240CF77D000E8873 /* Resources */ = {
			isa = PBXResourcesBuildPhase;
			buildActionMask = 2147483647;
			files = (
				F14233B7240CF77F000E8873 /* LaunchScreen.storyboard in Resources */,
				05012CA4240D21F30065E560 /* Roboto-Regular.ttf in Resources */,
				05012CA1240D21EC0065E560 /* Oswald-Medium.ttf in Resources */,
				05012CA3240D21F00065E560 /* Roboto-Light.ttf in Resources */,
				05012CA2240D21EE0065E560 /* Roboto-Bold.ttf in Resources */,
				F14233B4240CF77F000E8873 /* Assets.xcassets in Resources */,
				F14233B2240CF77D000E8873 /* Main.storyboard in Resources */,
			);
			runOnlyForDeploymentPostprocessing = 0;
		};
		F14233BB240CF77F000E8873 /* Resources */ = {
			isa = PBXResourcesBuildPhase;
			buildActionMask = 2147483647;
			files = (
			);
			runOnlyForDeploymentPostprocessing = 0;
		};
		F14233C6240CF77F000E8873 /* Resources */ = {
			isa = PBXResourcesBuildPhase;
			buildActionMask = 2147483647;
			files = (
			);
			runOnlyForDeploymentPostprocessing = 0;
		};
/* End PBXResourcesBuildPhase section */

/* Begin PBXSourcesBuildPhase section */
		F14233A3240CF77D000E8873 /* Sources */ = {
			isa = PBXSourcesBuildPhase;
			buildActionMask = 2147483647;
			files = (
				05CDEFAC2418D28100C1822D /* ExerciseMO+CoreDataClass.swift in Sources */,
				F14233AF240CF77D000E8873 /* HomeViewController.swift in Sources */,
				05CDEFD6241B3DFF00C1822D /* GradientView.swift in Sources */,
				0546E2E02415134C004A0F65 /* Exersice.swift in Sources */,
				05CDEFA52418CFE600C1822D /* FitGoal.xcdatamodeld in Sources */,
				05CDE5082421FCE9000AF5EE /* DetailViewController.swift in Sources */,
				050DC1272411FED9009BF1E5 /* RoutineSectionHeader.swift in Sources */,
				05B2E20B240F95AF009B0443 /* HomeViewController + UICollectionViewDelegateFlowLayout.swift in Sources */,
				0546E2DE241511CF004A0F65 /* ExerciseCell.swift in Sources */,
				05BBF74F2414B5B700EF42E9 /* GoalTrakerCell.swift in Sources */,
				F14233AB240CF77D000E8873 /* AppDelegate.swift in Sources */,
				05CDEFD4241A319D00C1822D /* RoutineStateInspector.swift in Sources */,
				05B2E1E2240F28EB009B0443 /* Routine.swift in Sources */,
				0546E2DC24151090004A0F65 /* RoutineInspectorCell.swift in Sources */,
				F14233AD240CF77D000E8873 /* SceneDelegate.swift in Sources */,
				05A370C42415AA33009A654E /* URL+.swift in Sources */,
				05B2E1E4240F2C5D009B0443 /* SuggestedRoutineCell.swift in Sources */,
				05CDEFD2241A294500C1822D /* CoreDataPersistance.swift in Sources */,
				05B2E209240F955C009B0443 /* HomeViewController + UICollectionViewDataSource.swift in Sources */,
				05BBF751241503F200EF42E9 /* String+.swift in Sources */,
				F14233F624127500000E8873 /* UIColor+.swift in Sources */,
			);
			runOnlyForDeploymentPostprocessing = 0;
		};
		F14233B9240CF77F000E8873 /* Sources */ = {
			isa = PBXSourcesBuildPhase;
			buildActionMask = 2147483647;
			files = (
				F14233C2240CF77F000E8873 /* FitGoalTests.swift in Sources */,
			);
			runOnlyForDeploymentPostprocessing = 0;
		};
		F14233C4240CF77F000E8873 /* Sources */ = {
			isa = PBXSourcesBuildPhase;
			buildActionMask = 2147483647;
			files = (
				F14233CD240CF77F000E8873 /* FitGoalUITests.swift in Sources */,
			);
			runOnlyForDeploymentPostprocessing = 0;
		};
/* End PBXSourcesBuildPhase section */

/* Begin PBXTargetDependency section */
		F14233BF240CF77F000E8873 /* PBXTargetDependency */ = {
			isa = PBXTargetDependency;
			target = F14233A6240CF77D000E8873 /* FitGoal */;
			targetProxy = F14233BE240CF77F000E8873 /* PBXContainerItemProxy */;
		};
		F14233CA240CF77F000E8873 /* PBXTargetDependency */ = {
			isa = PBXTargetDependency;
			target = F14233A6240CF77D000E8873 /* FitGoal */;
			targetProxy = F14233C9240CF77F000E8873 /* PBXContainerItemProxy */;
		};
/* End PBXTargetDependency section */

/* Begin PBXVariantGroup section */
		F14233B0240CF77D000E8873 /* Main.storyboard */ = {
			isa = PBXVariantGroup;
			children = (
				F14233B1240CF77D000E8873 /* Base */,
			);
			name = Main.storyboard;
			sourceTree = "<group>";
		};
		F14233B5240CF77F000E8873 /* LaunchScreen.storyboard */ = {
			isa = PBXVariantGroup;
			children = (
				F14233B6240CF77F000E8873 /* Base */,
			);
			name = LaunchScreen.storyboard;
			sourceTree = "<group>";
		};
/* End PBXVariantGroup section */

/* Begin XCBuildConfiguration section */
		F14233CF240CF77F000E8873 /* Debug */ = {
			isa = XCBuildConfiguration;
			buildSettings = {
				ALWAYS_SEARCH_USER_PATHS = NO;
				CLANG_ANALYZER_NONNULL = YES;
				CLANG_ANALYZER_NUMBER_OBJECT_CONVERSION = YES_AGGRESSIVE;
				CLANG_CXX_LANGUAGE_STANDARD = "gnu++14";
				CLANG_CXX_LIBRARY = "libc++";
				CLANG_ENABLE_MODULES = YES;
				CLANG_ENABLE_OBJC_ARC = YES;
				CLANG_ENABLE_OBJC_WEAK = YES;
				CLANG_WARN_BLOCK_CAPTURE_AUTORELEASING = YES;
				CLANG_WARN_BOOL_CONVERSION = YES;
				CLANG_WARN_COMMA = YES;
				CLANG_WARN_CONSTANT_CONVERSION = YES;
				CLANG_WARN_DEPRECATED_OBJC_IMPLEMENTATIONS = YES;
				CLANG_WARN_DIRECT_OBJC_ISA_USAGE = YES_ERROR;
				CLANG_WARN_DOCUMENTATION_COMMENTS = YES;
				CLANG_WARN_EMPTY_BODY = YES;
				CLANG_WARN_ENUM_CONVERSION = YES;
				CLANG_WARN_INFINITE_RECURSION = YES;
				CLANG_WARN_INT_CONVERSION = YES;
				CLANG_WARN_NON_LITERAL_NULL_CONVERSION = YES;
				CLANG_WARN_OBJC_IMPLICIT_RETAIN_SELF = YES;
				CLANG_WARN_OBJC_LITERAL_CONVERSION = YES;
				CLANG_WARN_OBJC_ROOT_CLASS = YES_ERROR;
				CLANG_WARN_RANGE_LOOP_ANALYSIS = YES;
				CLANG_WARN_STRICT_PROTOTYPES = YES;
				CLANG_WARN_SUSPICIOUS_MOVE = YES;
				CLANG_WARN_UNGUARDED_AVAILABILITY = YES_AGGRESSIVE;
				CLANG_WARN_UNREACHABLE_CODE = YES;
				CLANG_WARN__DUPLICATE_METHOD_MATCH = YES;
				COPY_PHASE_STRIP = NO;
				DEBUG_INFORMATION_FORMAT = dwarf;
				ENABLE_STRICT_OBJC_MSGSEND = YES;
				ENABLE_TESTABILITY = YES;
				GCC_C_LANGUAGE_STANDARD = gnu11;
				GCC_DYNAMIC_NO_PIC = NO;
				GCC_NO_COMMON_BLOCKS = YES;
				GCC_OPTIMIZATION_LEVEL = 0;
				GCC_PREPROCESSOR_DEFINITIONS = (
					"DEBUG=1",
					"$(inherited)",
				);
				GCC_WARN_64_TO_32_BIT_CONVERSION = YES;
				GCC_WARN_ABOUT_RETURN_TYPE = YES_ERROR;
				GCC_WARN_UNDECLARED_SELECTOR = YES;
				GCC_WARN_UNINITIALIZED_AUTOS = YES_AGGRESSIVE;
				GCC_WARN_UNUSED_FUNCTION = YES;
				GCC_WARN_UNUSED_VARIABLE = YES;
				IPHONEOS_DEPLOYMENT_TARGET = 13.2;
				MTL_ENABLE_DEBUG_INFO = INCLUDE_SOURCE;
				MTL_FAST_MATH = YES;
				ONLY_ACTIVE_ARCH = YES;
				SDKROOT = iphoneos;
				SWIFT_ACTIVE_COMPILATION_CONDITIONS = DEBUG;
				SWIFT_OPTIMIZATION_LEVEL = "-Onone";
			};
			name = Debug;
		};
		F14233D0240CF77F000E8873 /* Release */ = {
			isa = XCBuildConfiguration;
			buildSettings = {
				ALWAYS_SEARCH_USER_PATHS = NO;
				CLANG_ANALYZER_NONNULL = YES;
				CLANG_ANALYZER_NUMBER_OBJECT_CONVERSION = YES_AGGRESSIVE;
				CLANG_CXX_LANGUAGE_STANDARD = "gnu++14";
				CLANG_CXX_LIBRARY = "libc++";
				CLANG_ENABLE_MODULES = YES;
				CLANG_ENABLE_OBJC_ARC = YES;
				CLANG_ENABLE_OBJC_WEAK = YES;
				CLANG_WARN_BLOCK_CAPTURE_AUTORELEASING = YES;
				CLANG_WARN_BOOL_CONVERSION = YES;
				CLANG_WARN_COMMA = YES;
				CLANG_WARN_CONSTANT_CONVERSION = YES;
				CLANG_WARN_DEPRECATED_OBJC_IMPLEMENTATIONS = YES;
				CLANG_WARN_DIRECT_OBJC_ISA_USAGE = YES_ERROR;
				CLANG_WARN_DOCUMENTATION_COMMENTS = YES;
				CLANG_WARN_EMPTY_BODY = YES;
				CLANG_WARN_ENUM_CONVERSION = YES;
				CLANG_WARN_INFINITE_RECURSION = YES;
				CLANG_WARN_INT_CONVERSION = YES;
				CLANG_WARN_NON_LITERAL_NULL_CONVERSION = YES;
				CLANG_WARN_OBJC_IMPLICIT_RETAIN_SELF = YES;
				CLANG_WARN_OBJC_LITERAL_CONVERSION = YES;
				CLANG_WARN_OBJC_ROOT_CLASS = YES_ERROR;
				CLANG_WARN_RANGE_LOOP_ANALYSIS = YES;
				CLANG_WARN_STRICT_PROTOTYPES = YES;
				CLANG_WARN_SUSPICIOUS_MOVE = YES;
				CLANG_WARN_UNGUARDED_AVAILABILITY = YES_AGGRESSIVE;
				CLANG_WARN_UNREACHABLE_CODE = YES;
				CLANG_WARN__DUPLICATE_METHOD_MATCH = YES;
				COPY_PHASE_STRIP = NO;
				DEBUG_INFORMATION_FORMAT = "dwarf-with-dsym";
				ENABLE_NS_ASSERTIONS = NO;
				ENABLE_STRICT_OBJC_MSGSEND = YES;
				GCC_C_LANGUAGE_STANDARD = gnu11;
				GCC_NO_COMMON_BLOCKS = YES;
				GCC_WARN_64_TO_32_BIT_CONVERSION = YES;
				GCC_WARN_ABOUT_RETURN_TYPE = YES_ERROR;
				GCC_WARN_UNDECLARED_SELECTOR = YES;
				GCC_WARN_UNINITIALIZED_AUTOS = YES_AGGRESSIVE;
				GCC_WARN_UNUSED_FUNCTION = YES;
				GCC_WARN_UNUSED_VARIABLE = YES;
				IPHONEOS_DEPLOYMENT_TARGET = 13.2;
				MTL_ENABLE_DEBUG_INFO = NO;
				MTL_FAST_MATH = YES;
				SDKROOT = iphoneos;
				SWIFT_COMPILATION_MODE = wholemodule;
				SWIFT_OPTIMIZATION_LEVEL = "-O";
				VALIDATE_PRODUCT = YES;
			};
			name = Release;
		};
		F14233D2240CF77F000E8873 /* Debug */ = {
			isa = XCBuildConfiguration;
			buildSettings = {
				ASSETCATALOG_COMPILER_APPICON_NAME = AppIcon;
				CODE_SIGN_STYLE = Automatic;
				DEVELOPMENT_TEAM = 8L88PNR4B2;
				INFOPLIST_FILE = FitGoal/Info.plist;
				LD_RUNPATH_SEARCH_PATHS = (
					"$(inherited)",
					"@executable_path/Frameworks",
				);
				PRODUCT_BUNDLE_IDENTIFIER = com.ebarrera.FitGoal;
				PRODUCT_NAME = "$(TARGET_NAME)";
				SWIFT_VERSION = 5.0;
				TARGETED_DEVICE_FAMILY = "1,2";
			};
			name = Debug;
		};
		F14233D3240CF77F000E8873 /* Release */ = {
			isa = XCBuildConfiguration;
			buildSettings = {
				ASSETCATALOG_COMPILER_APPICON_NAME = AppIcon;
				CODE_SIGN_STYLE = Automatic;
				DEVELOPMENT_TEAM = 8L88PNR4B2;
				INFOPLIST_FILE = FitGoal/Info.plist;
				LD_RUNPATH_SEARCH_PATHS = (
					"$(inherited)",
					"@executable_path/Frameworks",
				);
				PRODUCT_BUNDLE_IDENTIFIER = com.ebarrera.FitGoal;
				PRODUCT_NAME = "$(TARGET_NAME)";
				SWIFT_VERSION = 5.0;
				TARGETED_DEVICE_FAMILY = "1,2";
			};
			name = Release;
		};
		F14233D5240CF77F000E8873 /* Debug */ = {
			isa = XCBuildConfiguration;
			buildSettings = {
				ALWAYS_EMBED_SWIFT_STANDARD_LIBRARIES = YES;
				BUNDLE_LOADER = "$(TEST_HOST)";
				CODE_SIGN_STYLE = Automatic;
				INFOPLIST_FILE = FitGoalTests/Info.plist;
				IPHONEOS_DEPLOYMENT_TARGET = 13.2;
				LD_RUNPATH_SEARCH_PATHS = (
					"$(inherited)",
					"@executable_path/Frameworks",
					"@loader_path/Frameworks",
				);
				PRODUCT_BUNDLE_IDENTIFIER = com.ebarrera.FitGoalTests;
				PRODUCT_NAME = "$(TARGET_NAME)";
				SWIFT_VERSION = 5.0;
				TARGETED_DEVICE_FAMILY = "1,2";
				TEST_HOST = "$(BUILT_PRODUCTS_DIR)/FitGoal.app/FitGoal";
			};
			name = Debug;
		};
		F14233D6240CF77F000E8873 /* Release */ = {
			isa = XCBuildConfiguration;
			buildSettings = {
				ALWAYS_EMBED_SWIFT_STANDARD_LIBRARIES = YES;
				BUNDLE_LOADER = "$(TEST_HOST)";
				CODE_SIGN_STYLE = Automatic;
				INFOPLIST_FILE = FitGoalTests/Info.plist;
				IPHONEOS_DEPLOYMENT_TARGET = 13.2;
				LD_RUNPATH_SEARCH_PATHS = (
					"$(inherited)",
					"@executable_path/Frameworks",
					"@loader_path/Frameworks",
				);
				PRODUCT_BUNDLE_IDENTIFIER = com.ebarrera.FitGoalTests;
				PRODUCT_NAME = "$(TARGET_NAME)";
				SWIFT_VERSION = 5.0;
				TARGETED_DEVICE_FAMILY = "1,2";
				TEST_HOST = "$(BUILT_PRODUCTS_DIR)/FitGoal.app/FitGoal";
			};
			name = Release;
		};
		F14233D8240CF77F000E8873 /* Debug */ = {
			isa = XCBuildConfiguration;
			buildSettings = {
				ALWAYS_EMBED_SWIFT_STANDARD_LIBRARIES = YES;
				CODE_SIGN_STYLE = Automatic;
				INFOPLIST_FILE = FitGoalUITests/Info.plist;
				LD_RUNPATH_SEARCH_PATHS = (
					"$(inherited)",
					"@executable_path/Frameworks",
					"@loader_path/Frameworks",
				);
				PRODUCT_BUNDLE_IDENTIFIER = com.ebarrera.FitGoalUITests;
				PRODUCT_NAME = "$(TARGET_NAME)";
				SWIFT_VERSION = 5.0;
				TARGETED_DEVICE_FAMILY = "1,2";
				TEST_TARGET_NAME = FitGoal;
			};
			name = Debug;
		};
		F14233D9240CF77F000E8873 /* Release */ = {
			isa = XCBuildConfiguration;
			buildSettings = {
				ALWAYS_EMBED_SWIFT_STANDARD_LIBRARIES = YES;
				CODE_SIGN_STYLE = Automatic;
				INFOPLIST_FILE = FitGoalUITests/Info.plist;
				LD_RUNPATH_SEARCH_PATHS = (
					"$(inherited)",
					"@executable_path/Frameworks",
					"@loader_path/Frameworks",
				);
				PRODUCT_BUNDLE_IDENTIFIER = com.ebarrera.FitGoalUITests;
				PRODUCT_NAME = "$(TARGET_NAME)";
				SWIFT_VERSION = 5.0;
				TARGETED_DEVICE_FAMILY = "1,2";
				TEST_TARGET_NAME = FitGoal;
			};
			name = Release;
		};
/* End XCBuildConfiguration section */

/* Begin XCConfigurationList section */
		F14233A2240CF77D000E8873 /* Build configuration list for PBXProject "FitGoal" */ = {
			isa = XCConfigurationList;
			buildConfigurations = (
				F14233CF240CF77F000E8873 /* Debug */,
				F14233D0240CF77F000E8873 /* Release */,
			);
			defaultConfigurationIsVisible = 0;
			defaultConfigurationName = Release;
		};
		F14233D1240CF77F000E8873 /* Build configuration list for PBXNativeTarget "FitGoal" */ = {
			isa = XCConfigurationList;
			buildConfigurations = (
				F14233D2240CF77F000E8873 /* Debug */,
				F14233D3240CF77F000E8873 /* Release */,
			);
			defaultConfigurationIsVisible = 0;
			defaultConfigurationName = Release;
		};
		F14233D4240CF77F000E8873 /* Build configuration list for PBXNativeTarget "FitGoalTests" */ = {
			isa = XCConfigurationList;
			buildConfigurations = (
				F14233D5240CF77F000E8873 /* Debug */,
				F14233D6240CF77F000E8873 /* Release */,
			);
			defaultConfigurationIsVisible = 0;
			defaultConfigurationName = Release;
		};
		F14233D7240CF77F000E8873 /* Build configuration list for PBXNativeTarget "FitGoalUITests" */ = {
			isa = XCConfigurationList;
			buildConfigurations = (
				F14233D8240CF77F000E8873 /* Debug */,
				F14233D9240CF77F000E8873 /* Release */,
			);
			defaultConfigurationIsVisible = 0;
			defaultConfigurationName = Release;
		};
/* End XCConfigurationList section */

/* Begin XCVersionGroup section */
		05CDEFA32418CFE600C1822D /* FitGoal.xcdatamodeld */ = {
			isa = XCVersionGroup;
			children = (
				05CDEFA42418CFE600C1822D /* FitGoal.xcdatamodel */,
			);
			currentVersion = 05CDEFA42418CFE600C1822D /* FitGoal.xcdatamodel */;
			path = FitGoal.xcdatamodeld;
			sourceTree = "<group>";
			versionGroupType = wrapper.xcdatamodel;
		};
/* End XCVersionGroup section */
	};
	rootObject = F142339F240CF77D000E8873 /* Project object */;
}
